
Microsoft Visual Studio Solution File, Format Version 12.00
# Visual Studio Version 17
VisualStudioVersion = 17.11.35222.181
MinimumVisualStudioVersion = 10.0.40219.1
Project("{2150E333-8FDC-42A3-9474-1A3956D46DE8}") = "shared", "shared", "{F0000001-0000-0000-0000-000000000001}"
EndProject
Project("{2150E333-8FDC-42A3-9474-1A3956D46DE8}") = "services", "services", "{F0000001-0000-0000-0000-000000000002}"
EndProject
Project("{2150E333-8FDC-42A3-9474-1A3956D46DE8}") = "tests", "tests", "{F0000001-0000-0000-0000-000000000003}"
EndProject
Project("{9A19103F-16F7-4668-BE54-9A1E7A4F7556}") = "Certiflow.SharedKernel", "src\shared\Certiflow.SharedKernel\Certiflow.SharedKernel.csproj", "{A0000001-0000-0000-0000-000000000001}"
EndProject
Project("{9A19103F-16F7-4668-BE54-9A1E7A4F7556}") = "Certiflow.Contracts", "src\shared\Certiflow.Contracts\Certiflow.Contracts.csproj", "{A0000001-0000-0000-0000-000000000002}"
EndProject
Project("{9A19103F-16F7-4668-BE54-9A1E7A4F7556}") = "Certiflow.SupplierRegistry.Domain", "src\services\supplier-registry\Certiflow.SupplierRegistry.Domain\Certiflow.SupplierRegistry.Domain.csproj", "{A0000002-0000-0000-0000-000000000001}"
EndProject
Project("{9A19103F-16F7-4668-BE54-9A1E7A4F7556}") = "Certiflow.Intake.Domain", "src\services\document-intake\Certiflow.Intake.Domain\Certiflow.Intake.Domain.csproj", "{A0000002-0000-0000-0000-000000000002}"
EndProject
Project("{9A19103F-16F7-4668-BE54-9A1E7A4F7556}") = "Certiflow.Intelligence.Domain", "src\services\document-intelligence\Certiflow.Intelligence.Domain\Certiflow.Intelligence.Domain.csproj", "{A0000002-0000-0000-0000-000000000003}"
EndProject
Project("{9A19103F-16F7-4668-BE54-9A1E7A4F7556}") = "Certiflow.Verification.Domain", "src\services\verification\Certiflow.Verification.Domain\Certiflow.Verification.Domain.csproj", "{A0000002-0000-0000-0000-000000000004}"
EndProject
Project("{9A19103F-16F7-4668-BE54-9A1E7A4F7556}") = "Certiflow.Compliance.Domain", "src\services\compliance\Certiflow.Compliance.Domain\Certiflow.Compliance.Domain.csproj", "{A0000002-0000-0000-0000-000000000005}"
EndProject
Project("{9A19103F-16F7-4668-BE54-9A1E7A4F7556}") = "Certiflow.Audit.Domain", "src\services\audit-trail\Certiflow.Audit.Domain\Certiflow.Audit.Domain.csproj", "{A0000002-0000-0000-0000-000000000006}"
EndProject
Project("{9A19103F-16F7-4668-BE54-9A1E7A4F7556}") = "Certiflow.Compliance.Application", "src\services\compliance\Certiflow.Compliance.Application\Certiflow.Compliance.Application.csproj", "{A0000002-0000-0000-0000-000000000007}"
EndProject
Project("{9A19103F-16F7-4668-BE54-9A1E7A4F7556}") = "Certiflow.SupplierRegistry.Domain.Tests", "tests\Certiflow.SupplierRegistry.Domain.Tests\Certiflow.SupplierRegistry.Domain.Tests.csproj", "{A0000003-0000-0000-0000-000000000001}"
EndProject
Project("{9A19103F-16F7-4668-BE54-9A1E7A4F7556}") = "Certiflow.Intake.Domain.Tests", "tests\Certiflow.Intake.Domain.Tests\Certiflow.Intake.Domain.Tests.csproj", "{A0000003-0000-0000-0000-000000000002}"
EndProject
Project("{9A19103F-16F7-4668-BE54-9A1E7A4F7556}") = "Certiflow.Intelligence.Domain.Tests", "tests\Certiflow.Intelligence.Domain.Tests\Certiflow.Intelligence.Domain.Tests.csproj", "{A0000003-0000-0000-0000-000000000003}"
EndProject
Project("{9A19103F-16F7-4668-BE54-9A1E7A4F7556}") = "Certiflow.Verification.Domain.Tests", "tests\Certiflow.Verification.Domain.Tests\Certiflow.Verification.Domain.Tests.csproj", "{A0000003-0000-0000-0000-000000000004}"
EndProject
Project("{9A19103F-16F7-4668-BE54-9A1E7A4F7556}") = "Certiflow.Compliance.Domain.Tests", "tests\Certiflow.Compliance.Domain.Tests\Certiflow.Compliance.Domain.Tests.csproj", "{A0000003-0000-0000-0000-000000000005}"
EndProject
Project("{9A19103F-16F7-4668-BE54-9A1E7A4F7556}") = "Certiflow.Audit.Domain.Tests", "tests\Certiflow.Audit.Domain.Tests\Certiflow.Audit.Domain.Tests.csproj", "{A0000003-0000-0000-0000-000000000006}"
EndProject
Project("{9A19103F-16F7-4668-BE54-9A1E7A4F7556}") = "Certiflow.ArchitectureTests", "tests\Certiflow.ArchitectureTests\Certiflow.ArchitectureTests.csproj", "{A0000003-0000-0000-0000-000000000007}"
EndProject
Project("{9A19103F-16F7-4668-BE54-9A1E7A4F7556}") = "Certiflow.Compliance.Application.Tests", "tests\Certiflow.Compliance.Application.Tests\Certiflow.Compliance.Application.Tests.csproj", "{A0000003-0000-0000-0000-000000000008}"
EndProject
Project("{2150E333-8FDC-42A3-9474-1A3956D46DE8}") = "tools", "tools", "{07C2787E-EAC7-C090-1BA3-A61EC2A24D84}"
EndProject
Project("{FAE04EC0-301F-11D3-BF4B-00C04F79EFBC}") = "Certiflow.SeedCorpus", "src\tools\Certiflow.SeedCorpus\Certiflow.SeedCorpus.csproj", "{B2F416DC-A44E-4ED9-B169-6EECF2F00BB2}"
EndProject
Project("{FAE04EC0-301F-11D3-BF4B-00C04F79EFBC}") = "Certiflow.SeedCorpus.Tests", "tests\Certiflow.SeedCorpus.Tests\Certiflow.SeedCorpus.Tests.csproj", "{73D60BE6-6662-4FD5-BD6E-D087E91F5E3E}"
EndProject
Project("{FAE04EC0-301F-11D3-BF4B-00C04F79EFBC}") = "Certiflow.Intelligence.Application", "src\services\document-intelligence\Certiflow.Intelligence.Application\Certiflow.Intelligence.Application.csproj", "{766F19E0-A235-4F80-B148-83A6838F56B8}"
EndProject
Project("{FAE04EC0-301F-11D3-BF4B-00C04F79EFBC}") = "Certiflow.Intelligence.Infrastructure", "src\services\document-intelligence\Certiflow.Intelligence.Infrastructure\Certiflow.Intelligence.Infrastructure.csproj", "{FB3ED8FB-D65E-4AA5-BB00-02B6B0CCBA2C}"
EndProject
Project("{FAE04EC0-301F-11D3-BF4B-00C04F79EFBC}") = "Certiflow.ExtractionSpike", "src\tools\Certiflow.ExtractionSpike\Certiflow.ExtractionSpike.csproj", "{15F9FF02-E289-42B2-ADE3-DE3D0C7CBABF}"
EndProject
Project("{FAE04EC0-301F-11D3-BF4B-00C04F79EFBC}") = "Certiflow.Intake.Application", "src\services\document-intake\Certiflow.Intake.Application\Certiflow.Intake.Application.csproj", "{CA388A0C-B639-443A-A8D9-FA330B1C49EE}"
EndProject
Project("{FAE04EC0-301F-11D3-BF4B-00C04F79EFBC}") = "Certiflow.Intake.Infrastructure", "src\services\document-intake\Certiflow.Intake.Infrastructure\Certiflow.Intake.Infrastructure.csproj", "{7C48BD98-65FA-4E6B-B91E-09C9FAFC033D}"
EndProject
Project("{FAE04EC0-301F-11D3-BF4B-00C04F79EFBC}") = "Certiflow.Intake.Api", "src\services\document-intake\Certiflow.Intake.Api\Certiflow.Intake.Api.csproj", "{A96574A7-4C9E-401F-86A9-5931112B7E7D}"
EndProject
Project("{FAE04EC0-301F-11D3-BF4B-00C04F79EFBC}") = "Certiflow.Intelligence.Worker", "src\services\document-intelligence\Certiflow.Intelligence.Worker\Certiflow.Intelligence.Worker.csproj", "{E6536183-5564-4302-AC12-A998AD93A3FB}"
EndProject
Project("{FAE04EC0-301F-11D3-BF4B-00C04F79EFBC}") = "Certiflow.Persistence", "src\shared\Certiflow.Persistence\Certiflow.Persistence.csproj", "{A3FEB52B-BE24-493B-928F-3BBD511CCB46}"
EndProject
Project("{FAE04EC0-301F-11D3-BF4B-00C04F79EFBC}") = "Certiflow.Verification.Application", "src\services\verification\Certiflow.Verification.Application\Certiflow.Verification.Application.csproj", "{610304B2-FCD6-4C5D-AB67-A39C40A56A18}"
EndProject
Project("{FAE04EC0-301F-11D3-BF4B-00C04F79EFBC}") = "Certiflow.Verification.Infrastructure", "src\services\verification\Certiflow.Verification.Infrastructure\Certiflow.Verification.Infrastructure.csproj", "{4FA2CEC9-EC19-4383-9DDC-A63B2353307C}"
EndProject
Project("{FAE04EC0-301F-11D3-BF4B-00C04F79EFBC}") = "Certiflow.Verification.Api", "src\services\verification\Certiflow.Verification.Api\Certiflow.Verification.Api.csproj", "{8DD157EE-9E08-4D94-91E5-363BEDFCD8C1}"
EndProject
Project("{FAE04EC0-301F-11D3-BF4B-00C04F79EFBC}") = "Certiflow.Http", "src\shared\Certiflow.Http\Certiflow.Http.csproj", "{0EC49ED1-3588-4E21-84F8-99C950E913CD}"
EndProject
Project("{FAE04EC0-301F-11D3-BF4B-00C04F79EFBC}") = "Certiflow.Compliance.Infrastructure", "src\services\compliance\Certiflow.Compliance.Infrastructure\Certiflow.Compliance.Infrastructure.csproj", "{E7C03468-2795-4C6D-B9C5-E1DC8494E5CC}"
EndProject
Project("{FAE04EC0-301F-11D3-BF4B-00C04F79EFBC}") = "Certiflow.Compliance.Api", "src\services\compliance\Certiflow.Compliance.Api\Certiflow.Compliance.Api.csproj", "{C588A8D6-EF16-49F0-91BE-C20F49F2C4D7}"
EndProject
Project("{FAE04EC0-301F-11D3-BF4B-00C04F79EFBC}") = "Certiflow.SupplierRegistry.Application", "src\services\supplier-registry\Certiflow.SupplierRegistry.Application\Certiflow.SupplierRegistry.Application.csproj", "{DA557E01-342E-491D-A960-E76491B8F5B9}"
EndProject
Project("{FAE04EC0-301F-11D3-BF4B-00C04F79EFBC}") = "Certiflow.SupplierRegistry.Infrastructure", "src\services\supplier-registry\Certiflow.SupplierRegistry.Infrastructure\Certiflow.SupplierRegistry.Infrastructure.csproj", "{07F07E66-32F5-4719-B6BE-5225527B1FE0}"
EndProject
Project("{FAE04EC0-301F-11D3-BF4B-00C04F79EFBC}") = "Certiflow.SupplierRegistry.Api", "src\services\supplier-registry\Certiflow.SupplierRegistry.Api\Certiflow.SupplierRegistry.Api.csproj", "{B7BD8DBC-B38E-4DF6-B9F2-1F22E6B203A0}"
EndProject
Project("{FAE04EC0-301F-11D3-BF4B-00C04F79EFBC}") = "Certiflow.Audit.Infrastructure", "src\services\audit-trail\Certiflow.Audit.Infrastructure\Certiflow.Audit.Infrastructure.csproj", "{BC288B49-C1FD-47BF-B043-64FB0B10ECD5}"
EndProject
Project("{FAE04EC0-301F-11D3-BF4B-00C04F79EFBC}") = "Certiflow.Audit.Api", "src\services\audit-trail\Certiflow.Audit.Api\Certiflow.Audit.Api.csproj", "{A7529FDE-46F7-4070-A081-FE4734C3B756}"
EndProject
Project("{2150E333-8FDC-42A3-9474-1A3956D46DE8}") = "src", "src", "{827E0CD3-B72D-47B6-A68D-7590B98EB39B}"
EndProject
Project("{2150E333-8FDC-42A3-9474-1A3956D46DE8}") = "services", "services", "{984BB9B3-3FA3-BE33-9484-CAC21695A33C}"
EndProject
Project("{2150E333-8FDC-42A3-9474-1A3956D46DE8}") = "reporting", "reporting", "{061E9ED9-C396-AD7E-8FB1-7566F161CAA5}"
EndProject
Project("{FAE04EC0-301F-11D3-BF4B-00C04F79EFBC}") = "Certiflow.Reporting.Domain", "src\services\reporting\Certiflow.Reporting.Domain\Certiflow.Reporting.Domain.csproj", "{DE59F5CF-351B-4F67-8DD5-756B59B3E032}"
EndProject
Project("{FAE04EC0-301F-11D3-BF4B-00C04F79EFBC}") = "Certiflow.Reporting.Application", "src\services\reporting\Certiflow.Reporting.Application\Certiflow.Reporting.Application.csproj", "{3A551481-8FE8-462C-83A6-D6F3A3B10C05}"
EndProject
Project("{FAE04EC0-301F-11D3-BF4B-00C04F79EFBC}") = "Certiflow.Reporting.Infrastructure", "src\services\reporting\Certiflow.Reporting.Infrastructure\Certiflow.Reporting.Infrastructure.csproj", "{10F4CCAA-56A4-4338-A529-A3A2880B9424}"
EndProject
Project("{FAE04EC0-301F-11D3-BF4B-00C04F79EFBC}") = "Certiflow.Reporting.Api", "src\services\reporting\Certiflow.Reporting.Api\Certiflow.Reporting.Api.csproj", "{7283F170-BE99-4A46-A2C5-E8AFD482D4E8}"
EndProject
Project("{FAE04EC0-301F-11D3-BF4B-00C04F79EFBC}") = "Certiflow.Reporting.Domain.Tests", "tests\Certiflow.Reporting.Domain.Tests\Certiflow.Reporting.Domain.Tests.csproj", "{E08FD0FA-7C50-40FD-8B53-56BAF4106AE0}"
EndProject
Project("{FAE04EC0-301F-11D3-BF4B-00C04F79EFBC}") = "Certiflow.Reporting.Application.Tests", "tests\Certiflow.Reporting.Application.Tests\Certiflow.Reporting.Application.Tests.csproj", "{7827E22E-4AED-4E55-9F2E-B0304223C0A7}"
EndProject
Project("{2150E333-8FDC-42A3-9474-1A3956D46DE8}") = "gateway", "gateway", "{6306A8FB-679E-111F-6585-8F70E0EE6013}"
EndProject
Project("{FAE04EC0-301F-11D3-BF4B-00C04F79EFBC}") = "Certiflow.Gateway", "src\gateway\Certiflow.Gateway\Certiflow.Gateway.csproj", "{0972053F-358F-4307-BA7C-97693583D5D6}"
EndProject
Project("{2150E333-8FDC-42A3-9474-1A3956D46DE8}") = "shared", "shared", "{C8E42992-5E42-0C2B-DBFE-AA848D06431C}"
EndProject
Project("{FAE04EC0-301F-11D3-BF4B-00C04F79EFBC}") = "Certiflow.Cqrs", "src\shared\Certiflow.Cqrs\Certiflow.Cqrs.csproj", "{C3D8B8A4-8DAD-4CD9-8E0C-D91760EEF468}"
EndProject
Project("{FAE04EC0-301F-11D3-BF4B-00C04F79EFBC}") = "Certiflow.Messaging", "src\shared\Certiflow.Messaging\Certiflow.Messaging.csproj", "{93DF2C60-FBB5-4575-B875-5E830B785ADF}"
EndProject
Project("{2150E333-8FDC-42A3-9474-1A3956D46DE8}") = "tools", "tools", "{DCB6FCB8-FF92-AC57-0842-1F72A354D6B1}"
EndProject
Project("{FAE04EC0-301F-11D3-BF4B-00C04F79EFBC}") = "Certiflow.GrantSqlAccess", "src\tools\Certiflow.GrantSqlAccess\Certiflow.GrantSqlAccess.csproj", "{A936F6B0-C746-49B0-AE27-DBFB88BCB5A7}"
EndProject
Project("{FAE04EC0-301F-11D3-BF4B-00C04F79EFBC}") = "Certiflow.Storage", "src\shared\Certiflow.Storage\Certiflow.Storage.csproj", "{27DB86EF-7E02-4CD8-911D-33E5B8D88571}"
EndProject
Project("{2150E333-8FDC-42A3-9474-1A3956D46DE8}") = "notification", "notification", "{C5FBE174-8E0F-F5A3-B929-8BD0C55C0A32}"
EndProject
Project("{FAE04EC0-301F-11D3-BF4B-00C04F79EFBC}") = "Certiflow.Notifications.Domain", "src\services\notification\Certiflow.Notifications.Domain\Certiflow.Notifications.Domain.csproj", "{54E03B9A-6897-43D2-ACD6-FC8E74192C6A}"
EndProject
Project("{FAE04EC0-301F-11D3-BF4B-00C04F79EFBC}") = "Certiflow.Notifications.Application", "src\services\notification\Certiflow.Notifications.Application\Certiflow.Notifications.Application.csproj", "{B4C75737-B55B-4684-B32A-C0A4FD8C0C47}"
EndProject
Project("{FAE04EC0-301F-11D3-BF4B-00C04F79EFBC}") = "Certiflow.Notifications.Infrastructure", "src\services\notification\Certiflow.Notifications.Infrastructure\Certiflow.Notifications.Infrastructure.csproj", "{BC46DC58-49C0-4563-A304-69293147C6EF}"
EndProject
Project("{FAE04EC0-301F-11D3-BF4B-00C04F79EFBC}") = "Certiflow.Notifications.Api", "src\services\notification\Certiflow.Notifications.Api\Certiflow.Notifications.Api.csproj", "{1ADCF692-DFAB-400D-A934-CFE9F798C7A5}"
EndProject
Project("{FAE04EC0-301F-11D3-BF4B-00C04F79EFBC}") = "Certiflow.Notifications.Domain.Tests", "tests\Certiflow.Notifications.Domain.Tests\Certiflow.Notifications.Domain.Tests.csproj", "{2E752B8B-E7D9-4D4C-8123-5F0D71AC058E}"
EndProject
Global
	GlobalSection(SolutionConfigurationPlatforms) = preSolution
		Debug|Any CPU = Debug|Any CPU
		Debug|x64 = Debug|x64
		Debug|x86 = Debug|x86
		Release|Any CPU = Release|Any CPU
		Release|x64 = Release|x64
		Release|x86 = Release|x86
	EndGlobalSection
	GlobalSection(ProjectConfigurationPlatforms) = postSolution
		{A0000001-0000-0000-0000-000000000001}.Debug|Any CPU.ActiveCfg = Debug|Any CPU
		{A0000001-0000-0000-0000-000000000001}.Debug|Any CPU.Build.0 = Debug|Any CPU
		{A0000001-0000-0000-0000-000000000001}.Debug|x64.ActiveCfg = Debug|Any CPU
		{A0000001-0000-0000-0000-000000000001}.Debug|x64.Build.0 = Debug|Any CPU
		{A0000001-0000-0000-0000-000000000001}.Debug|x86.ActiveCfg = Debug|Any CPU
		{A0000001-0000-0000-0000-000000000001}.Debug|x86.Build.0 = Debug|Any CPU
		{A0000001-0000-0000-0000-000000000001}.Release|Any CPU.ActiveCfg = Release|Any CPU
		{A0000001-0000-0000-0000-000000000001}.Release|Any CPU.Build.0 = Release|Any CPU
		{A0000001-0000-0000-0000-000000000001}.Release|x64.ActiveCfg = Release|Any CPU
		{A0000001-0000-0000-0000-000000000001}.Release|x64.Build.0 = Release|Any CPU
		{A0000001-0000-0000-0000-000000000001}.Release|x86.ActiveCfg = Release|Any CPU
		{A0000001-0000-0000-0000-000000000001}.Release|x86.Build.0 = Release|Any CPU
		{A0000001-0000-0000-0000-000000000002}.Debug|Any CPU.ActiveCfg = Debug|Any CPU
		{A0000001-0000-0000-0000-000000000002}.Debug|Any CPU.Build.0 = Debug|Any CPU
		{A0000001-0000-0000-0000-000000000002}.Debug|x64.ActiveCfg = Debug|Any CPU
		{A0000001-0000-0000-0000-000000000002}.Debug|x64.Build.0 = Debug|Any CPU
		{A0000001-0000-0000-0000-000000000002}.Debug|x86.ActiveCfg = Debug|Any CPU
		{A0000001-0000-0000-0000-000000000002}.Debug|x86.Build.0 = Debug|Any CPU
		{A0000001-0000-0000-0000-000000000002}.Release|Any CPU.ActiveCfg = Release|Any CPU
		{A0000001-0000-0000-0000-000000000002}.Release|Any CPU.Build.0 = Release|Any CPU
		{A0000001-0000-0000-0000-000000000002}.Release|x64.ActiveCfg = Release|Any CPU
		{A0000001-0000-0000-0000-000000000002}.Release|x64.Build.0 = Release|Any CPU
		{A0000001-0000-0000-0000-000000000002}.Release|x86.ActiveCfg = Release|Any CPU
		{A0000001-0000-0000-0000-000000000002}.Release|x86.Build.0 = Release|Any CPU
		{A0000002-0000-0000-0000-000000000001}.Debug|Any CPU.ActiveCfg = Debug|Any CPU
		{A0000002-0000-0000-0000-000000000001}.Debug|Any CPU.Build.0 = Debug|Any CPU
		{A0000002-0000-0000-0000-000000000001}.Debug|x64.ActiveCfg = Debug|Any CPU
		{A0000002-0000-0000-0000-000000000001}.Debug|x64.Build.0 = Debug|Any CPU
		{A0000002-0000-0000-0000-000000000001}.Debug|x86.ActiveCfg = Debug|Any CPU
		{A0000002-0000-0000-0000-000000000001}.Debug|x86.Build.0 = Debug|Any CPU
		{A0000002-0000-0000-0000-000000000001}.Release|Any CPU.ActiveCfg = Release|Any CPU
		{A0000002-0000-0000-0000-000000000001}.Release|Any CPU.Build.0 = Release|Any CPU
		{A0000002-0000-0000-0000-000000000001}.Release|x64.ActiveCfg = Release|Any CPU
		{A0000002-0000-0000-0000-000000000001}.Release|x64.Build.0 = Release|Any CPU
		{A0000002-0000-0000-0000-000000000001}.Release|x86.ActiveCfg = Release|Any CPU
		{A0000002-0000-0000-0000-000000000001}.Release|x86.Build.0 = Release|Any CPU
		{A0000002-0000-0000-0000-000000000002}.Debug|Any CPU.ActiveCfg = Debug|Any CPU
		{A0000002-0000-0000-0000-000000000002}.Debug|Any CPU.Build.0 = Debug|Any CPU
		{A0000002-0000-0000-0000-000000000002}.Debug|x64.ActiveCfg = Debug|Any CPU
		{A0000002-0000-0000-0000-000000000002}.Debug|x64.Build.0 = Debug|Any CPU
		{A0000002-0000-0000-0000-000000000002}.Debug|x86.ActiveCfg = Debug|Any CPU
		{A0000002-0000-0000-0000-000000000002}.Debug|x86.Build.0 = Debug|Any CPU
		{A0000002-0000-0000-0000-000000000002}.Release|Any CPU.ActiveCfg = Release|Any CPU
		{A0000002-0000-0000-0000-000000000002}.Release|Any CPU.Build.0 = Release|Any CPU
		{A0000002-0000-0000-0000-000000000002}.Release|x64.ActiveCfg = Release|Any CPU
		{A0000002-0000-0000-0000-000000000002}.Release|x64.Build.0 = Release|Any CPU
		{A0000002-0000-0000-0000-000000000002}.Release|x86.ActiveCfg = Release|Any CPU
		{A0000002-0000-0000-0000-000000000002}.Release|x86.Build.0 = Release|Any CPU
		{A0000002-0000-0000-0000-000000000003}.Debug|Any CPU.ActiveCfg = Debug|Any CPU
		{A0000002-0000-0000-0000-000000000003}.Debug|Any CPU.Build.0 = Debug|Any CPU
		{A0000002-0000-0000-0000-000000000003}.Debug|x64.ActiveCfg = Debug|Any CPU
		{A0000002-0000-0000-0000-000000000003}.Debug|x64.Build.0 = Debug|Any CPU
		{A0000002-0000-0000-0000-000000000003}.Debug|x86.ActiveCfg = Debug|Any CPU
		{A0000002-0000-0000-0000-000000000003}.Debug|x86.Build.0 = Debug|Any CPU
		{A0000002-0000-0000-0000-000000000003}.Release|Any CPU.ActiveCfg = Release|Any CPU
		{A0000002-0000-0000-0000-000000000003}.Release|Any CPU.Build.0 = Release|Any CPU
		{A0000002-0000-0000-0000-000000000003}.Release|x64.ActiveCfg = Release|Any CPU
		{A0000002-0000-0000-0000-000000000003}.Release|x64.Build.0 = Release|Any CPU
		{A0000002-0000-0000-0000-000000000003}.Release|x86.ActiveCfg = Release|Any CPU
		{A0000002-0000-0000-0000-000000000003}.Release|x86.Build.0 = Release|Any CPU
		{A0000002-0000-0000-0000-000000000004}.Debug|Any CPU.ActiveCfg = Debug|Any CPU
		{A0000002-0000-0000-0000-000000000004}.Debug|Any CPU.Build.0 = Debug|Any CPU
		{A0000002-0000-0000-0000-000000000004}.Debug|x64.ActiveCfg = Debug|Any CPU
		{A0000002-0000-0000-0000-000000000004}.Debug|x64.Build.0 = Debug|Any CPU
		{A0000002-0000-0000-0000-000000000004}.Debug|x86.ActiveCfg = Debug|Any CPU
		{A0000002-0000-0000-0000-000000000004}.Debug|x86.Build.0 = Debug|Any CPU
		{A0000002-0000-0000-0000-000000000004}.Release|Any CPU.ActiveCfg = Release|Any CPU
		{A0000002-0000-0000-0000-000000000004}.Release|Any CPU.Build.0 = Release|Any CPU
		{A0000002-0000-0000-0000-000000000004}.Release|x64.ActiveCfg = Release|Any CPU
		{A0000002-0000-0000-0000-000000000004}.Release|x64.Build.0 = Release|Any CPU
		{A0000002-0000-0000-0000-000000000004}.Release|x86.ActiveCfg = Release|Any CPU
		{A0000002-0000-0000-0000-000000000004}.Release|x86.Build.0 = Release|Any CPU
		{A0000002-0000-0000-0000-000000000005}.Debug|Any CPU.ActiveCfg = Debug|Any CPU
		{A0000002-0000-0000-0000-000000000005}.Debug|Any CPU.Build.0 = Debug|Any CPU
		{A0000002-0000-0000-0000-000000000005}.Debug|x64.ActiveCfg = Debug|Any CPU
		{A0000002-0000-0000-0000-000000000005}.Debug|x64.Build.0 = Debug|Any CPU
		{A0000002-0000-0000-0000-000000000005}.Debug|x86.ActiveCfg = Debug|Any CPU
		{A0000002-0000-0000-0000-000000000005}.Debug|x86.Build.0 = Debug|Any CPU
		{A0000002-0000-0000-0000-000000000005}.Release|Any CPU.ActiveCfg = Release|Any CPU
		{A0000002-0000-0000-0000-000000000005}.Release|Any CPU.Build.0 = Release|Any CPU
		{A0000002-0000-0000-0000-000000000005}.Release|x64.ActiveCfg = Release|Any CPU
		{A0000002-0000-0000-0000-000000000005}.Release|x64.Build.0 = Release|Any CPU
		{A0000002-0000-0000-0000-000000000005}.Release|x86.ActiveCfg = Release|Any CPU
		{A0000002-0000-0000-0000-000000000005}.Release|x86.Build.0 = Release|Any CPU
		{A0000002-0000-0000-0000-000000000006}.Debug|Any CPU.ActiveCfg = Debug|Any CPU
		{A0000002-0000-0000-0000-000000000006}.Debug|Any CPU.Build.0 = Debug|Any CPU
		{A0000002-0000-0000-0000-000000000006}.Debug|x64.ActiveCfg = Debug|Any CPU
		{A0000002-0000-0000-0000-000000000006}.Debug|x64.Build.0 = Debug|Any CPU
		{A0000002-0000-0000-0000-000000000006}.Debug|x86.ActiveCfg = Debug|Any CPU
		{A0000002-0000-0000-0000-000000000006}.Debug|x86.Build.0 = Debug|Any CPU
		{A0000002-0000-0000-0000-000000000006}.Release|Any CPU.ActiveCfg = Release|Any CPU
		{A0000002-0000-0000-0000-000000000006}.Release|Any CPU.Build.0 = Release|Any CPU
		{A0000002-0000-0000-0000-000000000006}.Release|x64.ActiveCfg = Release|Any CPU
		{A0000002-0000-0000-0000-000000000006}.Release|x64.Build.0 = Release|Any CPU
		{A0000002-0000-0000-0000-000000000006}.Release|x86.ActiveCfg = Release|Any CPU
		{A0000002-0000-0000-0000-000000000006}.Release|x86.Build.0 = Release|Any CPU
		{A0000002-0000-0000-0000-000000000007}.Debug|Any CPU.ActiveCfg = Debug|Any CPU
		{A0000002-0000-0000-0000-000000000007}.Debug|Any CPU.Build.0 = Debug|Any CPU
		{A0000002-0000-0000-0000-000000000007}.Debug|x64.ActiveCfg = Debug|Any CPU
		{A0000002-0000-0000-0000-000000000007}.Debug|x64.Build.0 = Debug|Any CPU
		{A0000002-0000-0000-0000-000000000007}.Debug|x86.ActiveCfg = Debug|Any CPU
		{A0000002-0000-0000-0000-000000000007}.Debug|x86.Build.0 = Debug|Any CPU
		{A0000002-0000-0000-0000-000000000007}.Release|Any CPU.ActiveCfg = Release|Any CPU
		{A0000002-0000-0000-0000-000000000007}.Release|Any CPU.Build.0 = Release|Any CPU
		{A0000002-0000-0000-0000-000000000007}.Release|x64.ActiveCfg = Release|Any CPU
		{A0000002-0000-0000-0000-000000000007}.Release|x64.Build.0 = Release|Any CPU
		{A0000002-0000-0000-0000-000000000007}.Release|x86.ActiveCfg = Release|Any CPU
		{A0000002-0000-0000-0000-000000000007}.Release|x86.Build.0 = Release|Any CPU
		{A0000003-0000-0000-0000-000000000001}.Debug|Any CPU.ActiveCfg = Debug|Any CPU
		{A0000003-0000-0000-0000-000000000001}.Debug|Any CPU.Build.0 = Debug|Any CPU
		{A0000003-0000-0000-0000-000000000001}.Debug|x64.ActiveCfg = Debug|Any CPU
		{A0000003-0000-0000-0000-000000000001}.Debug|x64.Build.0 = Debug|Any CPU
		{A0000003-0000-0000-0000-000000000001}.Debug|x86.ActiveCfg = Debug|Any CPU
		{A0000003-0000-0000-0000-000000000001}.Debug|x86.Build.0 = Debug|Any CPU
		{A0000003-0000-0000-0000-000000000001}.Release|Any CPU.ActiveCfg = Release|Any CPU
		{A0000003-0000-0000-0000-000000000001}.Release|Any CPU.Build.0 = Release|Any CPU
		{A0000003-0000-0000-0000-000000000001}.Release|x64.ActiveCfg = Release|Any CPU
		{A0000003-0000-0000-0000-000000000001}.Release|x64.Build.0 = Release|Any CPU
		{A0000003-0000-0000-0000-000000000001}.Release|x86.ActiveCfg = Release|Any CPU
		{A0000003-0000-0000-0000-000000000001}.Release|x86.Build.0 = Release|Any CPU
		{A0000003-0000-0000-0000-000000000002}.Debug|Any CPU.ActiveCfg = Debug|Any CPU
		{A0000003-0000-0000-0000-000000000002}.Debug|Any CPU.Build.0 = Debug|Any CPU
		{A0000003-0000-0000-0000-000000000002}.Debug|x64.ActiveCfg = Debug|Any CPU
		{A0000003-0000-0000-0000-000000000002}.Debug|x64.Build.0 = Debug|Any CPU
		{A0000003-0000-0000-0000-000000000002}.Debug|x86.ActiveCfg = Debug|Any CPU
		{A0000003-0000-0000-0000-000000000002}.Debug|x86.Build.0 = Debug|Any CPU
		{A0000003-0000-0000-0000-000000000002}.Release|Any CPU.ActiveCfg = Release|Any CPU
		{A0000003-0000-0000-0000-000000000002}.Release|Any CPU.Build.0 = Release|Any CPU
		{A0000003-0000-0000-0000-000000000002}.Release|x64.ActiveCfg = Release|Any CPU
		{A0000003-0000-0000-0000-000000000002}.Release|x64.Build.0 = Release|Any CPU
		{A0000003-0000-0000-0000-000000000002}.Release|x86.ActiveCfg = Release|Any CPU
		{A0000003-0000-0000-0000-000000000002}.Release|x86.Build.0 = Release|Any CPU
		{A0000003-0000-0000-0000-000000000003}.Debug|Any CPU.ActiveCfg = Debug|Any CPU
		{A0000003-0000-0000-0000-000000000003}.Debug|Any CPU.Build.0 = Debug|Any CPU
		{A0000003-0000-0000-0000-000000000003}.Debug|x64.ActiveCfg = Debug|Any CPU
		{A0000003-0000-0000-0000-000000000003}.Debug|x64.Build.0 = Debug|Any CPU
		{A0000003-0000-0000-0000-000000000003}.Debug|x86.ActiveCfg = Debug|Any CPU
		{A0000003-0000-0000-0000-000000000003}.Debug|x86.Build.0 = Debug|Any CPU
		{A0000003-0000-0000-0000-000000000003}.Release|Any CPU.ActiveCfg = Release|Any CPU
		{A0000003-0000-0000-0000-000000000003}.Release|Any CPU.Build.0 = Release|Any CPU
		{A0000003-0000-0000-0000-000000000003}.Release|x64.ActiveCfg = Release|Any CPU
		{A0000003-0000-0000-0000-000000000003}.Release|x64.Build.0 = Release|Any CPU
		{A0000003-0000-0000-0000-000000000003}.Release|x86.ActiveCfg = Release|Any CPU
		{A0000003-0000-0000-0000-000000000003}.Release|x86.Build.0 = Release|Any CPU
		{A0000003-0000-0000-0000-000000000004}.Debug|Any CPU.ActiveCfg = Debug|Any CPU
		{A0000003-0000-0000-0000-000000000004}.Debug|Any CPU.Build.0 = Debug|Any CPU
		{A0000003-0000-0000-0000-000000000004}.Debug|x64.ActiveCfg = Debug|Any CPU
		{A0000003-0000-0000-0000-000000000004}.Debug|x64.Build.0 = Debug|Any CPU
		{A0000003-0000-0000-0000-000000000004}.Debug|x86.ActiveCfg = Debug|Any CPU
		{A0000003-0000-0000-0000-000000000004}.Debug|x86.Build.0 = Debug|Any CPU
		{A0000003-0000-0000-0000-000000000004}.Release|Any CPU.ActiveCfg = Release|Any CPU
		{A0000003-0000-0000-0000-000000000004}.Release|Any CPU.Build.0 = Release|Any CPU
		{A0000003-0000-0000-0000-000000000004}.Release|x64.ActiveCfg = Release|Any CPU
		{A0000003-0000-0000-0000-000000000004}.Release|x64.Build.0 = Release|Any CPU
		{A0000003-0000-0000-0000-000000000004}.Release|x86.ActiveCfg = Release|Any CPU
		{A0000003-0000-0000-0000-000000000004}.Release|x86.Build.0 = Release|Any CPU
		{A0000003-0000-0000-0000-000000000005}.Debug|Any CPU.ActiveCfg = Debug|Any CPU
		{A0000003-0000-0000-0000-000000000005}.Debug|Any CPU.Build.0 = Debug|Any CPU
		{A0000003-0000-0000-0000-000000000005}.Debug|x64.ActiveCfg = Debug|Any CPU
		{A0000003-0000-0000-0000-000000000005}.Debug|x64.Build.0 = Debug|Any CPU
		{A0000003-0000-0000-0000-000000000005}.Debug|x86.ActiveCfg = Debug|Any CPU
		{A0000003-0000-0000-0000-000000000005}.Debug|x86.Build.0 = Debug|Any CPU
		{A0000003-0000-0000-0000-000000000005}.Release|Any CPU.ActiveCfg = Release|Any CPU
		{A0000003-0000-0000-0000-000000000005}.Release|Any CPU.Build.0 = Release|Any CPU
		{A0000003-0000-0000-0000-000000000005}.Release|x64.ActiveCfg = Release|Any CPU
		{A0000003-0000-0000-0000-000000000005}.Release|x64.Build.0 = Release|Any CPU
		{A0000003-0000-0000-0000-000000000005}.Release|x86.ActiveCfg = Release|Any CPU
		{A0000003-0000-0000-0000-000000000005}.Release|x86.Build.0 = Release|Any CPU
		{A0000003-0000-0000-0000-000000000006}.Debug|Any CPU.ActiveCfg = Debug|Any CPU
		{A0000003-0000-0000-0000-000000000006}.Debug|Any CPU.Build.0 = Debug|Any CPU
		{A0000003-0000-0000-0000-000000000006}.Debug|x64.ActiveCfg = Debug|Any CPU
		{A0000003-0000-0000-0000-000000000006}.Debug|x64.Build.0 = Debug|Any CPU
		{A0000003-0000-0000-0000-000000000006}.Debug|x86.ActiveCfg = Debug|Any CPU
		{A0000003-0000-0000-0000-000000000006}.Debug|x86.Build.0 = Debug|Any CPU
		{A0000003-0000-0000-0000-000000000006}.Release|Any CPU.ActiveCfg = Release|Any CPU
		{A0000003-0000-0000-0000-000000000006}.Release|Any CPU.Build.0 = Release|Any CPU
		{A0000003-0000-0000-0000-000000000006}.Release|x64.ActiveCfg = Release|Any CPU
		{A0000003-0000-0000-0000-000000000006}.Release|x64.Build.0 = Release|Any CPU
		{A0000003-0000-0000-0000-000000000006}.Release|x86.ActiveCfg = Release|Any CPU
		{A0000003-0000-0000-0000-000000000006}.Release|x86.Build.0 = Release|Any CPU
		{A0000003-0000-0000-0000-000000000007}.Debug|Any CPU.ActiveCfg = Debug|Any CPU
		{A0000003-0000-0000-0000-000000000007}.Debug|Any CPU.Build.0 = Debug|Any CPU
		{A0000003-0000-0000-0000-000000000007}.Debug|x64.ActiveCfg = Debug|Any CPU
		{A0000003-0000-0000-0000-000000000007}.Debug|x64.Build.0 = Debug|Any CPU
		{A0000003-0000-0000-0000-000000000007}.Debug|x86.ActiveCfg = Debug|Any CPU
		{A0000003-0000-0000-0000-000000000007}.Debug|x86.Build.0 = Debug|Any CPU
		{A0000003-0000-0000-0000-000000000007}.Release|Any CPU.ActiveCfg = Release|Any CPU
		{A0000003-0000-0000-0000-000000000007}.Release|Any CPU.Build.0 = Release|Any CPU
		{A0000003-0000-0000-0000-000000000007}.Release|x64.ActiveCfg = Release|Any CPU
		{A0000003-0000-0000-0000-000000000007}.Release|x64.Build.0 = Release|Any CPU
		{A0000003-0000-0000-0000-000000000007}.Release|x86.ActiveCfg = Release|Any CPU
		{A0000003-0000-0000-0000-000000000007}.Release|x86.Build.0 = Release|Any CPU
		{A0000003-0000-0000-0000-000000000008}.Debug|Any CPU.ActiveCfg = Debug|Any CPU
		{A0000003-0000-0000-0000-000000000008}.Debug|Any CPU.Build.0 = Debug|Any CPU
		{A0000003-0000-0000-0000-000000000008}.Debug|x64.ActiveCfg = Debug|Any CPU
		{A0000003-0000-0000-0000-000000000008}.Debug|x64.Build.0 = Debug|Any CPU
		{A0000003-0000-0000-0000-000000000008}.Debug|x86.ActiveCfg = Debug|Any CPU
		{A0000003-0000-0000-0000-000000000008}.Debug|x86.Build.0 = Debug|Any CPU
		{A0000003-0000-0000-0000-000000000008}.Release|Any CPU.ActiveCfg = Release|Any CPU
		{A0000003-0000-0000-0000-000000000008}.Release|Any CPU.Build.0 = Release|Any CPU
		{A0000003-0000-0000-0000-000000000008}.Release|x64.ActiveCfg = Release|Any CPU
		{A0000003-0000-0000-0000-000000000008}.Release|x64.Build.0 = Release|Any CPU
		{A0000003-0000-0000-0000-000000000008}.Release|x86.ActiveCfg = Release|Any CPU
		{A0000003-0000-0000-0000-000000000008}.Release|x86.Build.0 = Release|Any CPU
		{B2F416DC-A44E-4ED9-B169-6EECF2F00BB2}.Debug|Any CPU.ActiveCfg = Debug|Any CPU
		{B2F416DC-A44E-4ED9-B169-6EECF2F00BB2}.Debug|Any CPU.Build.0 = Debug|Any CPU
		{B2F416DC-A44E-4ED9-B169-6EECF2F00BB2}.Debug|x64.ActiveCfg = Debug|Any CPU
		{B2F416DC-A44E-4ED9-B169-6EECF2F00BB2}.Debug|x64.Build.0 = Debug|Any CPU
		{B2F416DC-A44E-4ED9-B169-6EECF2F00BB2}.Debug|x86.ActiveCfg = Debug|Any CPU
		{B2F416DC-A44E-4ED9-B169-6EECF2F00BB2}.Debug|x86.Build.0 = Debug|Any CPU
		{B2F416DC-A44E-4ED9-B169-6EECF2F00BB2}.Release|Any CPU.ActiveCfg = Release|Any CPU
		{B2F416DC-A44E-4ED9-B169-6EECF2F00BB2}.Release|Any CPU.Build.0 = Release|Any CPU
		{B2F416DC-A44E-4ED9-B169-6EECF2F00BB2}.Release|x64.ActiveCfg = Release|Any CPU
		{B2F416DC-A44E-4ED9-B169-6EECF2F00BB2}.Release|x64.Build.0 = Release|Any CPU
		{B2F416DC-A44E-4ED9-B169-6EECF2F00BB2}.Release|x86.ActiveCfg = Release|Any CPU
		{B2F416DC-A44E-4ED9-B169-6EECF2F00BB2}.Release|x86.Build.0 = Release|Any CPU
		{73D60BE6-6662-4FD5-BD6E-D087E91F5E3E}.Debug|Any CPU.ActiveCfg = Debug|Any CPU
		{73D60BE6-6662-4FD5-BD6E-D087E91F5E3E}.Debug|Any CPU.Build.0 = Debug|Any CPU
		{73D60BE6-6662-4FD5-BD6E-D087E91F5E3E}.Debug|x64.ActiveCfg = Debug|Any CPU
		{73D60BE6-6662-4FD5-BD6E-D087E91F5E3E}.Debug|x64.Build.0 = Debug|Any CPU
		{73D60BE6-6662-4FD5-BD6E-D087E91F5E3E}.Debug|x86.ActiveCfg = Debug|Any CPU
		{73D60BE6-6662-4FD5-BD6E-D087E91F5E3E}.Debug|x86.Build.0 = Debug|Any CPU
		{73D60BE6-6662-4FD5-BD6E-D087E91F5E3E}.Release|Any CPU.ActiveCfg = Release|Any CPU
		{73D60BE6-6662-4FD5-BD6E-D087E91F5E3E}.Release|Any CPU.Build.0 = Release|Any CPU
		{73D60BE6-6662-4FD5-BD6E-D087E91F5E3E}.Release|x64.ActiveCfg = Release|Any CPU
		{73D60BE6-6662-4FD5-BD6E-D087E91F5E3E}.Release|x64.Build.0 = Release|Any CPU
		{73D60BE6-6662-4FD5-BD6E-D087E91F5E3E}.Release|x86.ActiveCfg = Release|Any CPU
		{73D60BE6-6662-4FD5-BD6E-D087E91F5E3E}.Release|x86.Build.0 = Release|Any CPU
		{766F19E0-A235-4F80-B148-83A6838F56B8}.Debug|Any CPU.ActiveCfg = Debug|Any CPU
		{766F19E0-A235-4F80-B148-83A6838F56B8}.Debug|Any CPU.Build.0 = Debug|Any CPU
		{766F19E0-A235-4F80-B148-83A6838F56B8}.Debug|x64.ActiveCfg = Debug|Any CPU
		{766F19E0-A235-4F80-B148-83A6838F56B8}.Debug|x64.Build.0 = Debug|Any CPU
		{766F19E0-A235-4F80-B148-83A6838F56B8}.Debug|x86.ActiveCfg = Debug|Any CPU
		{766F19E0-A235-4F80-B148-83A6838F56B8}.Debug|x86.Build.0 = Debug|Any CPU
		{766F19E0-A235-4F80-B148-83A6838F56B8}.Release|Any CPU.ActiveCfg = Release|Any CPU
		{766F19E0-A235-4F80-B148-83A6838F56B8}.Release|Any CPU.Build.0 = Release|Any CPU
		{766F19E0-A235-4F80-B148-83A6838F56B8}.Release|x64.ActiveCfg = Release|Any CPU
		{766F19E0-A235-4F80-B148-83A6838F56B8}.Release|x64.Build.0 = Release|Any CPU
		{766F19E0-A235-4F80-B148-83A6838F56B8}.Release|x86.ActiveCfg = Release|Any CPU
		{766F19E0-A235-4F80-B148-83A6838F56B8}.Release|x86.Build.0 = Release|Any CPU
		{FB3ED8FB-D65E-4AA5-BB00-02B6B0CCBA2C}.Debug|Any CPU.ActiveCfg = Debug|Any CPU
		{FB3ED8FB-D65E-4AA5-BB00-02B6B0CCBA2C}.Debug|Any CPU.Build.0 = Debug|Any CPU
		{FB3ED8FB-D65E-4AA5-BB00-02B6B0CCBA2C}.Debug|x64.ActiveCfg = Debug|Any CPU
		{FB3ED8FB-D65E-4AA5-BB00-02B6B0CCBA2C}.Debug|x64.Build.0 = Debug|Any CPU
		{FB3ED8FB-D65E-4AA5-BB00-02B6B0CCBA2C}.Debug|x86.ActiveCfg = Debug|Any CPU
		{FB3ED8FB-D65E-4AA5-BB00-02B6B0CCBA2C}.Debug|x86.Build.0 = Debug|Any CPU
		{FB3ED8FB-D65E-4AA5-BB00-02B6B0CCBA2C}.Release|Any CPU.ActiveCfg = Release|Any CPU
		{FB3ED8FB-D65E-4AA5-BB00-02B6B0CCBA2C}.Release|Any CPU.Build.0 = Release|Any CPU
		{FB3ED8FB-D65E-4AA5-BB00-02B6B0CCBA2C}.Release|x64.ActiveCfg = Release|Any CPU
		{FB3ED8FB-D65E-4AA5-BB00-02B6B0CCBA2C}.Release|x64.Build.0 = Release|Any CPU
		{FB3ED8FB-D65E-4AA5-BB00-02B6B0CCBA2C}.Release|x86.ActiveCfg = Release|Any CPU
		{FB3ED8FB-D65E-4AA5-BB00-02B6B0CCBA2C}.Release|x86.Build.0 = Release|Any CPU
		{15F9FF02-E289-42B2-ADE3-DE3D0C7CBABF}.Debug|Any CPU.ActiveCfg = Debug|Any CPU
		{15F9FF02-E289-42B2-ADE3-DE3D0C7CBABF}.Debug|Any CPU.Build.0 = Debug|Any CPU
		{15F9FF02-E289-42B2-ADE3-DE3D0C7CBABF}.Debug|x64.ActiveCfg = Debug|Any CPU
		{15F9FF02-E289-42B2-ADE3-DE3D0C7CBABF}.Debug|x64.Build.0 = Debug|Any CPU
		{15F9FF02-E289-42B2-ADE3-DE3D0C7CBABF}.Debug|x86.ActiveCfg = Debug|Any CPU
		{15F9FF02-E289-42B2-ADE3-DE3D0C7CBABF}.Debug|x86.Build.0 = Debug|Any CPU
		{15F9FF02-E289-42B2-ADE3-DE3D0C7CBABF}.Release|Any CPU.ActiveCfg = Release|Any CPU
		{15F9FF02-E289-42B2-ADE3-DE3D0C7CBABF}.Release|Any CPU.Build.0 = Release|Any CPU
		{15F9FF02-E289-42B2-ADE3-DE3D0C7CBABF}.Release|x64.ActiveCfg = Release|Any CPU
		{15F9FF02-E289-42B2-ADE3-DE3D0C7CBABF}.Release|x64.Build.0 = Release|Any CPU
		{15F9FF02-E289-42B2-ADE3-DE3D0C7CBABF}.Release|x86.ActiveCfg = Release|Any CPU
		{15F9FF02-E289-42B2-ADE3-DE3D0C7CBABF}.Release|x86.Build.0 = Release|Any CPU
		{CA388A0C-B639-443A-A8D9-FA330B1C49EE}.Debug|Any CPU.ActiveCfg = Debug|Any CPU
		{CA388A0C-B639-443A-A8D9-FA330B1C49EE}.Debug|Any CPU.Build.0 = Debug|Any CPU
		{CA388A0C-B639-443A-A8D9-FA330B1C49EE}.Debug|x64.ActiveCfg = Debug|Any CPU
		{CA388A0C-B639-443A-A8D9-FA330B1C49EE}.Debug|x64.Build.0 = Debug|Any CPU
		{CA388A0C-B639-443A-A8D9-FA330B1C49EE}.Debug|x86.ActiveCfg = Debug|Any CPU
		{CA388A0C-B639-443A-A8D9-FA330B1C49EE}.Debug|x86.Build.0 = Debug|Any CPU
		{CA388A0C-B639-443A-A8D9-FA330B1C49EE}.Release|Any CPU.ActiveCfg = Release|Any CPU
		{CA388A0C-B639-443A-A8D9-FA330B1C49EE}.Release|Any CPU.Build.0 = Release|Any CPU
		{CA388A0C-B639-443A-A8D9-FA330B1C49EE}.Release|x64.ActiveCfg = Release|Any CPU
		{CA388A0C-B639-443A-A8D9-FA330B1C49EE}.Release|x64.Build.0 = Release|Any CPU
		{CA388A0C-B639-443A-A8D9-FA330B1C49EE}.Release|x86.ActiveCfg = Release|Any CPU
		{CA388A0C-B639-443A-A8D9-FA330B1C49EE}.Release|x86.Build.0 = Release|Any CPU
		{7C48BD98-65FA-4E6B-B91E-09C9FAFC033D}.Debug|Any CPU.ActiveCfg = Debug|Any CPU
		{7C48BD98-65FA-4E6B-B91E-09C9FAFC033D}.Debug|Any CPU.Build.0 = Debug|Any CPU
		{7C48BD98-65FA-4E6B-B91E-09C9FAFC033D}.Debug|x64.ActiveCfg = Debug|Any CPU
		{7C48BD98-65FA-4E6B-B91E-09C9FAFC033D}.Debug|x64.Build.0 = Debug|Any CPU
		{7C48BD98-65FA-4E6B-B91E-09C9FAFC033D}.Debug|x86.ActiveCfg = Debug|Any CPU
		{7C48BD98-65FA-4E6B-B91E-09C9FAFC033D}.Debug|x86.Build.0 = Debug|Any CPU
		{7C48BD98-65FA-4E6B-B91E-09C9FAFC033D}.Release|Any CPU.ActiveCfg = Release|Any CPU
		{7C48BD98-65FA-4E6B-B91E-09C9FAFC033D}.Release|Any CPU.Build.0 = Release|Any CPU
		{7C48BD98-65FA-4E6B-B91E-09C9FAFC033D}.Release|x64.ActiveCfg = Release|Any CPU
		{7C48BD98-65FA-4E6B-B91E-09C9FAFC033D}.Release|x64.Build.0 = Release|Any CPU
		{7C48BD98-65FA-4E6B-B91E-09C9FAFC033D}.Release|x86.ActiveCfg = Release|Any CPU
		{7C48BD98-65FA-4E6B-B91E-09C9FAFC033D}.Release|x86.Build.0 = Release|Any CPU
		{A96574A7-4C9E-401F-86A9-5931112B7E7D}.Debug|Any CPU.ActiveCfg = Debug|Any CPU
		{A96574A7-4C9E-401F-86A9-5931112B7E7D}.Debug|Any CPU.Build.0 = Debug|Any CPU
		{A96574A7-4C9E-401F-86A9-5931112B7E7D}.Debug|x64.ActiveCfg = Debug|Any CPU
		{A96574A7-4C9E-401F-86A9-5931112B7E7D}.Debug|x64.Build.0 = Debug|Any CPU
		{A96574A7-4C9E-401F-86A9-5931112B7E7D}.Debug|x86.ActiveCfg = Debug|Any CPU
		{A96574A7-4C9E-401F-86A9-5931112B7E7D}.Debug|x86.Build.0 = Debug|Any CPU
		{A96574A7-4C9E-401F-86A9-5931112B7E7D}.Release|Any CPU.ActiveCfg = Release|Any CPU
		{A96574A7-4C9E-401F-86A9-5931112B7E7D}.Release|Any CPU.Build.0 = Release|Any CPU
		{A96574A7-4C9E-401F-86A9-5931112B7E7D}.Release|x64.ActiveCfg = Release|Any CPU
		{A96574A7-4C9E-401F-86A9-5931112B7E7D}.Release|x64.Build.0 = Release|Any CPU
		{A96574A7-4C9E-401F-86A9-5931112B7E7D}.Release|x86.ActiveCfg = Release|Any CPU
		{A96574A7-4C9E-401F-86A9-5931112B7E7D}.Release|x86.Build.0 = Release|Any CPU
		{E6536183-5564-4302-AC12-A998AD93A3FB}.Debug|Any CPU.ActiveCfg = Debug|Any CPU
		{E6536183-5564-4302-AC12-A998AD93A3FB}.Debug|Any CPU.Build.0 = Debug|Any CPU
		{E6536183-5564-4302-AC12-A998AD93A3FB}.Debug|x64.ActiveCfg = Debug|Any CPU
		{E6536183-5564-4302-AC12-A998AD93A3FB}.Debug|x64.Build.0 = Debug|Any CPU
		{E6536183-5564-4302-AC12-A998AD93A3FB}.Debug|x86.ActiveCfg = Debug|Any CPU
		{E6536183-5564-4302-AC12-A998AD93A3FB}.Debug|x86.Build.0 = Debug|Any CPU
		{E6536183-5564-4302-AC12-A998AD93A3FB}.Release|Any CPU.ActiveCfg = Release|Any CPU
		{E6536183-5564-4302-AC12-A998AD93A3FB}.Release|Any CPU.Build.0 = Release|Any CPU
		{E6536183-5564-4302-AC12-A998AD93A3FB}.Release|x64.ActiveCfg = Release|Any CPU
		{E6536183-5564-4302-AC12-A998AD93A3FB}.Release|x64.Build.0 = Release|Any CPU
		{E6536183-5564-4302-AC12-A998AD93A3FB}.Release|x86.ActiveCfg = Release|Any CPU
		{E6536183-5564-4302-AC12-A998AD93A3FB}.Release|x86.Build.0 = Release|Any CPU
		{A3FEB52B-BE24-493B-928F-3BBD511CCB46}.Debug|Any CPU.ActiveCfg = Debug|Any CPU
		{A3FEB52B-BE24-493B-928F-3BBD511CCB46}.Debug|Any CPU.Build.0 = Debug|Any CPU
		{A3FEB52B-BE24-493B-928F-3BBD511CCB46}.Debug|x64.ActiveCfg = Debug|Any CPU
		{A3FEB52B-BE24-493B-928F-3BBD511CCB46}.Debug|x64.Build.0 = Debug|Any CPU
		{A3FEB52B-BE24-493B-928F-3BBD511CCB46}.Debug|x86.ActiveCfg = Debug|Any CPU
		{A3FEB52B-BE24-493B-928F-3BBD511CCB46}.Debug|x86.Build.0 = Debug|Any CPU
		{A3FEB52B-BE24-493B-928F-3BBD511CCB46}.Release|Any CPU.ActiveCfg = Release|Any CPU
		{A3FEB52B-BE24-493B-928F-3BBD511CCB46}.Release|Any CPU.Build.0 = Release|Any CPU
		{A3FEB52B-BE24-493B-928F-3BBD511CCB46}.Release|x64.ActiveCfg = Release|Any CPU
		{A3FEB52B-BE24-493B-928F-3BBD511CCB46}.Release|x64.Build.0 = Release|Any CPU
		{A3FEB52B-BE24-493B-928F-3BBD511CCB46}.Release|x86.ActiveCfg = Release|Any CPU
		{A3FEB52B-BE24-493B-928F-3BBD511CCB46}.Release|x86.Build.0 = Release|Any CPU
		{610304B2-FCD6-4C5D-AB67-A39C40A56A18}.Debug|Any CPU.ActiveCfg = Debug|Any CPU
		{610304B2-FCD6-4C5D-AB67-A39C40A56A18}.Debug|Any CPU.Build.0 = Debug|Any CPU
		{610304B2-FCD6-4C5D-AB67-A39C40A56A18}.Debug|x64.ActiveCfg = Debug|Any CPU
		{610304B2-FCD6-4C5D-AB67-A39C40A56A18}.Debug|x64.Build.0 = Debug|Any CPU
		{610304B2-FCD6-4C5D-AB67-A39C40A56A18}.Debug|x86.ActiveCfg = Debug|Any CPU
		{610304B2-FCD6-4C5D-AB67-A39C40A56A18}.Debug|x86.Build.0 = Debug|Any CPU
		{610304B2-FCD6-4C5D-AB67-A39C40A56A18}.Release|Any CPU.ActiveCfg = Release|Any CPU
		{610304B2-FCD6-4C5D-AB67-A39C40A56A18}.Release|Any CPU.Build.0 = Release|Any CPU
		{610304B2-FCD6-4C5D-AB67-A39C40A56A18}.Release|x64.ActiveCfg = Release|Any CPU
		{610304B2-FCD6-4C5D-AB67-A39C40A56A18}.Release|x64.Build.0 = Release|Any CPU
		{610304B2-FCD6-4C5D-AB67-A39C40A56A18}.Release|x86.ActiveCfg = Release|Any CPU
		{610304B2-FCD6-4C5D-AB67-A39C40A56A18}.Release|x86.Build.0 = Release|Any CPU
		{4FA2CEC9-EC19-4383-9DDC-A63B2353307C}.Debug|Any CPU.ActiveCfg = Debug|Any CPU
		{4FA2CEC9-EC19-4383-9DDC-A63B2353307C}.Debug|Any CPU.Build.0 = Debug|Any CPU
		{4FA2CEC9-EC19-4383-9DDC-A63B2353307C}.Debug|x64.ActiveCfg = Debug|Any CPU
		{4FA2CEC9-EC19-4383-9DDC-A63B2353307C}.Debug|x64.Build.0 = Debug|Any CPU
		{4FA2CEC9-EC19-4383-9DDC-A63B2353307C}.Debug|x86.ActiveCfg = Debug|Any CPU
		{4FA2CEC9-EC19-4383-9DDC-A63B2353307C}.Debug|x86.Build.0 = Debug|Any CPU
		{4FA2CEC9-EC19-4383-9DDC-A63B2353307C}.Release|Any CPU.ActiveCfg = Release|Any CPU
		{4FA2CEC9-EC19-4383-9DDC-A63B2353307C}.Release|Any CPU.Build.0 = Release|Any CPU
		{4FA2CEC9-EC19-4383-9DDC-A63B2353307C}.Release|x64.ActiveCfg = Release|Any CPU
		{4FA2CEC9-EC19-4383-9DDC-A63B2353307C}.Release|x64.Build.0 = Release|Any CPU
		{4FA2CEC9-EC19-4383-9DDC-A63B2353307C}.Release|x86.ActiveCfg = Release|Any CPU
		{4FA2CEC9-EC19-4383-9DDC-A63B2353307C}.Release|x86.Build.0 = Release|Any CPU
		{8DD157EE-9E08-4D94-91E5-363BEDFCD8C1}.Debug|Any CPU.ActiveCfg = Debug|Any CPU
		{8DD157EE-9E08-4D94-91E5-363BEDFCD8C1}.Debug|Any CPU.Build.0 = Debug|Any CPU
		{8DD157EE-9E08-4D94-91E5-363BEDFCD8C1}.Debug|x64.ActiveCfg = Debug|Any CPU
		{8DD157EE-9E08-4D94-91E5-363BEDFCD8C1}.Debug|x64.Build.0 = Debug|Any CPU
		{8DD157EE-9E08-4D94-91E5-363BEDFCD8C1}.Debug|x86.ActiveCfg = Debug|Any CPU
		{8DD157EE-9E08-4D94-91E5-363BEDFCD8C1}.Debug|x86.Build.0 = Debug|Any CPU
		{8DD157EE-9E08-4D94-91E5-363BEDFCD8C1}.Release|Any CPU.ActiveCfg = Release|Any CPU
		{8DD157EE-9E08-4D94-91E5-363BEDFCD8C1}.Release|Any CPU.Build.0 = Release|Any CPU
		{8DD157EE-9E08-4D94-91E5-363BEDFCD8C1}.Release|x64.ActiveCfg = Release|Any CPU
		{8DD157EE-9E08-4D94-91E5-363BEDFCD8C1}.Release|x64.Build.0 = Release|Any CPU
		{8DD157EE-9E08-4D94-91E5-363BEDFCD8C1}.Release|x86.ActiveCfg = Release|Any CPU
		{8DD157EE-9E08-4D94-91E5-363BEDFCD8C1}.Release|x86.Build.0 = Release|Any CPU
		{0EC49ED1-3588-4E21-84F8-99C950E913CD}.Debug|Any CPU.ActiveCfg = Debug|Any CPU
		{0EC49ED1-3588-4E21-84F8-99C950E913CD}.Debug|Any CPU.Build.0 = Debug|Any CPU
		{0EC49ED1-3588-4E21-84F8-99C950E913CD}.Debug|x64.ActiveCfg = Debug|Any CPU
		{0EC49ED1-3588-4E21-84F8-99C950E913CD}.Debug|x64.Build.0 = Debug|Any CPU
		{0EC49ED1-3588-4E21-84F8-99C950E913CD}.Debug|x86.ActiveCfg = Debug|Any CPU
		{0EC49ED1-3588-4E21-84F8-99C950E913CD}.Debug|x86.Build.0 = Debug|Any CPU
		{0EC49ED1-3588-4E21-84F8-99C950E913CD}.Release|Any CPU.ActiveCfg = Release|Any CPU
		{0EC49ED1-3588-4E21-84F8-99C950E913CD}.Release|Any CPU.Build.0 = Release|Any CPU
		{0EC49ED1-3588-4E21-84F8-99C950E913CD}.Release|x64.ActiveCfg = Release|Any CPU
		{0EC49ED1-3588-4E21-84F8-99C950E913CD}.Release|x64.Build.0 = Release|Any CPU
		{0EC49ED1-3588-4E21-84F8-99C950E913CD}.Release|x86.ActiveCfg = Release|Any CPU
		{0EC49ED1-3588-4E21-84F8-99C950E913CD}.Release|x86.Build.0 = Release|Any CPU
		{E7C03468-2795-4C6D-B9C5-E1DC8494E5CC}.Debug|Any CPU.ActiveCfg = Debug|Any CPU
		{E7C03468-2795-4C6D-B9C5-E1DC8494E5CC}.Debug|Any CPU.Build.0 = Debug|Any CPU
		{E7C03468-2795-4C6D-B9C5-E1DC8494E5CC}.Debug|x64.ActiveCfg = Debug|Any CPU
		{E7C03468-2795-4C6D-B9C5-E1DC8494E5CC}.Debug|x64.Build.0 = Debug|Any CPU
		{E7C03468-2795-4C6D-B9C5-E1DC8494E5CC}.Debug|x86.ActiveCfg = Debug|Any CPU
		{E7C03468-2795-4C6D-B9C5-E1DC8494E5CC}.Debug|x86.Build.0 = Debug|Any CPU
		{E7C03468-2795-4C6D-B9C5-E1DC8494E5CC}.Release|Any CPU.ActiveCfg = Release|Any CPU
		{E7C03468-2795-4C6D-B9C5-E1DC8494E5CC}.Release|Any CPU.Build.0 = Release|Any CPU
		{E7C03468-2795-4C6D-B9C5-E1DC8494E5CC}.Release|x64.ActiveCfg = Release|Any CPU
		{E7C03468-2795-4C6D-B9C5-E1DC8494E5CC}.Release|x64.Build.0 = Release|Any CPU
		{E7C03468-2795-4C6D-B9C5-E1DC8494E5CC}.Release|x86.ActiveCfg = Release|Any CPU
		{E7C03468-2795-4C6D-B9C5-E1DC8494E5CC}.Release|x86.Build.0 = Release|Any CPU
		{C588A8D6-EF16-49F0-91BE-C20F49F2C4D7}.Debug|Any CPU.ActiveCfg = Debug|Any CPU
		{C588A8D6-EF16-49F0-91BE-C20F49F2C4D7}.Debug|Any CPU.Build.0 = Debug|Any CPU
		{C588A8D6-EF16-49F0-91BE-C20F49F2C4D7}.Debug|x64.ActiveCfg = Debug|Any CPU
		{C588A8D6-EF16-49F0-91BE-C20F49F2C4D7}.Debug|x64.Build.0 = Debug|Any CPU
		{C588A8D6-EF16-49F0-91BE-C20F49F2C4D7}.Debug|x86.ActiveCfg = Debug|Any CPU
		{C588A8D6-EF16-49F0-91BE-C20F49F2C4D7}.Debug|x86.Build.0 = Debug|Any CPU
		{C588A8D6-EF16-49F0-91BE-C20F49F2C4D7}.Release|Any CPU.ActiveCfg = Release|Any CPU
		{C588A8D6-EF16-49F0-91BE-C20F49F2C4D7}.Release|Any CPU.Build.0 = Release|Any CPU
		{C588A8D6-EF16-49F0-91BE-C20F49F2C4D7}.Release|x64.ActiveCfg = Release|Any CPU
		{C588A8D6-EF16-49F0-91BE-C20F49F2C4D7}.Release|x64.Build.0 = Release|Any CPU
		{C588A8D6-EF16-49F0-91BE-C20F49F2C4D7}.Release|x86.ActiveCfg = Release|Any CPU
		{C588A8D6-EF16-49F0-91BE-C20F49F2C4D7}.Release|x86.Build.0 = Release|Any CPU
		{DA557E01-342E-491D-A960-E76491B8F5B9}.Debug|Any CPU.ActiveCfg = Debug|Any CPU
		{DA557E01-342E-491D-A960-E76491B8F5B9}.Debug|Any CPU.Build.0 = Debug|Any CPU
		{DA557E01-342E-491D-A960-E76491B8F5B9}.Debug|x64.ActiveCfg = Debug|Any CPU
		{DA557E01-342E-491D-A960-E76491B8F5B9}.Debug|x64.Build.0 = Debug|Any CPU
		{DA557E01-342E-491D-A960-E76491B8F5B9}.Debug|x86.ActiveCfg = Debug|Any CPU
		{DA557E01-342E-491D-A960-E76491B8F5B9}.Debug|x86.Build.0 = Debug|Any CPU
		{DA557E01-342E-491D-A960-E76491B8F5B9}.Release|Any CPU.ActiveCfg = Release|Any CPU
		{DA557E01-342E-491D-A960-E76491B8F5B9}.Release|Any CPU.Build.0 = Release|Any CPU
		{DA557E01-342E-491D-A960-E76491B8F5B9}.Release|x64.ActiveCfg = Release|Any CPU
		{DA557E01-342E-491D-A960-E76491B8F5B9}.Release|x64.Build.0 = Release|Any CPU
		{DA557E01-342E-491D-A960-E76491B8F5B9}.Release|x86.ActiveCfg = Release|Any CPU
		{DA557E01-342E-491D-A960-E76491B8F5B9}.Release|x86.Build.0 = Release|Any CPU
		{07F07E66-32F5-4719-B6BE-5225527B1FE0}.Debug|Any CPU.ActiveCfg = Debug|Any CPU
		{07F07E66-32F5-4719-B6BE-5225527B1FE0}.Debug|Any CPU.Build.0 = Debug|Any CPU
		{07F07E66-32F5-4719-B6BE-5225527B1FE0}.Debug|x64.ActiveCfg = Debug|Any CPU
		{07F07E66-32F5-4719-B6BE-5225527B1FE0}.Debug|x64.Build.0 = Debug|Any CPU
		{07F07E66-32F5-4719-B6BE-5225527B1FE0}.Debug|x86.ActiveCfg = Debug|Any CPU
		{07F07E66-32F5-4719-B6BE-5225527B1FE0}.Debug|x86.Build.0 = Debug|Any CPU
		{07F07E66-32F5-4719-B6BE-5225527B1FE0}.Release|Any CPU.ActiveCfg = Release|Any CPU
		{07F07E66-32F5-4719-B6BE-5225527B1FE0}.Release|Any CPU.Build.0 = Release|Any CPU
		{07F07E66-32F5-4719-B6BE-5225527B1FE0}.Release|x64.ActiveCfg = Release|Any CPU
		{07F07E66-32F5-4719-B6BE-5225527B1FE0}.Release|x64.Build.0 = Release|Any CPU
		{07F07E66-32F5-4719-B6BE-5225527B1FE0}.Release|x86.ActiveCfg = Release|Any CPU
		{07F07E66-32F5-4719-B6BE-5225527B1FE0}.Release|x86.Build.0 = Release|Any CPU
		{B7BD8DBC-B38E-4DF6-B9F2-1F22E6B203A0}.Debug|Any CPU.ActiveCfg = Debug|Any CPU
		{B7BD8DBC-B38E-4DF6-B9F2-1F22E6B203A0}.Debug|Any CPU.Build.0 = Debug|Any CPU
		{B7BD8DBC-B38E-4DF6-B9F2-1F22E6B203A0}.Debug|x64.ActiveCfg = Debug|Any CPU
		{B7BD8DBC-B38E-4DF6-B9F2-1F22E6B203A0}.Debug|x64.Build.0 = Debug|Any CPU
		{B7BD8DBC-B38E-4DF6-B9F2-1F22E6B203A0}.Debug|x86.ActiveCfg = Debug|Any CPU
		{B7BD8DBC-B38E-4DF6-B9F2-1F22E6B203A0}.Debug|x86.Build.0 = Debug|Any CPU
		{B7BD8DBC-B38E-4DF6-B9F2-1F22E6B203A0}.Release|Any CPU.ActiveCfg = Release|Any CPU
		{B7BD8DBC-B38E-4DF6-B9F2-1F22E6B203A0}.Release|Any CPU.Build.0 = Release|Any CPU
		{B7BD8DBC-B38E-4DF6-B9F2-1F22E6B203A0}.Release|x64.ActiveCfg = Release|Any CPU
		{B7BD8DBC-B38E-4DF6-B9F2-1F22E6B203A0}.Release|x64.Build.0 = Release|Any CPU
		{B7BD8DBC-B38E-4DF6-B9F2-1F22E6B203A0}.Release|x86.ActiveCfg = Release|Any CPU
		{B7BD8DBC-B38E-4DF6-B9F2-1F22E6B203A0}.Release|x86.Build.0 = Release|Any CPU
		{BC288B49-C1FD-47BF-B043-64FB0B10ECD5}.Debug|Any CPU.ActiveCfg = Debug|Any CPU
		{BC288B49-C1FD-47BF-B043-64FB0B10ECD5}.Debug|Any CPU.Build.0 = Debug|Any CPU
		{BC288B49-C1FD-47BF-B043-64FB0B10ECD5}.Debug|x64.ActiveCfg = Debug|Any CPU
		{BC288B49-C1FD-47BF-B043-64FB0B10ECD5}.Debug|x64.Build.0 = Debug|Any CPU
		{BC288B49-C1FD-47BF-B043-64FB0B10ECD5}.Debug|x86.ActiveCfg = Debug|Any CPU
		{BC288B49-C1FD-47BF-B043-64FB0B10ECD5}.Debug|x86.Build.0 = Debug|Any CPU
		{BC288B49-C1FD-47BF-B043-64FB0B10ECD5}.Release|Any CPU.ActiveCfg = Release|Any CPU
		{BC288B49-C1FD-47BF-B043-64FB0B10ECD5}.Release|Any CPU.Build.0 = Release|Any CPU
		{BC288B49-C1FD-47BF-B043-64FB0B10ECD5}.Release|x64.ActiveCfg = Release|Any CPU
		{BC288B49-C1FD-47BF-B043-64FB0B10ECD5}.Release|x64.Build.0 = Release|Any CPU
		{BC288B49-C1FD-47BF-B043-64FB0B10ECD5}.Release|x86.ActiveCfg = Release|Any CPU
		{BC288B49-C1FD-47BF-B043-64FB0B10ECD5}.Release|x86.Build.0 = Release|Any CPU
		{A7529FDE-46F7-4070-A081-FE4734C3B756}.Debug|Any CPU.ActiveCfg = Debug|Any CPU
		{A7529FDE-46F7-4070-A081-FE4734C3B756}.Debug|Any CPU.Build.0 = Debug|Any CPU
		{A7529FDE-46F7-4070-A081-FE4734C3B756}.Debug|x64.ActiveCfg = Debug|Any CPU
		{A7529FDE-46F7-4070-A081-FE4734C3B756}.Debug|x64.Build.0 = Debug|Any CPU
		{A7529FDE-46F7-4070-A081-FE4734C3B756}.Debug|x86.ActiveCfg = Debug|Any CPU
		{A7529FDE-46F7-4070-A081-FE4734C3B756}.Debug|x86.Build.0 = Debug|Any CPU
		{A7529FDE-46F7-4070-A081-FE4734C3B756}.Release|Any CPU.ActiveCfg = Release|Any CPU
		{A7529FDE-46F7-4070-A081-FE4734C3B756}.Release|Any CPU.Build.0 = Release|Any CPU
		{A7529FDE-46F7-4070-A081-FE4734C3B756}.Release|x64.ActiveCfg = Release|Any CPU
		{A7529FDE-46F7-4070-A081-FE4734C3B756}.Release|x64.Build.0 = Release|Any CPU
		{A7529FDE-46F7-4070-A081-FE4734C3B756}.Release|x86.ActiveCfg = Release|Any CPU
		{A7529FDE-46F7-4070-A081-FE4734C3B756}.Release|x86.Build.0 = Release|Any CPU
		{DE59F5CF-351B-4F67-8DD5-756B59B3E032}.Debug|Any CPU.ActiveCfg = Debug|Any CPU
		{DE59F5CF-351B-4F67-8DD5-756B59B3E032}.Debug|Any CPU.Build.0 = Debug|Any CPU
		{DE59F5CF-351B-4F67-8DD5-756B59B3E032}.Debug|x64.ActiveCfg = Debug|Any CPU
		{DE59F5CF-351B-4F67-8DD5-756B59B3E032}.Debug|x64.Build.0 = Debug|Any CPU
		{DE59F5CF-351B-4F67-8DD5-756B59B3E032}.Debug|x86.ActiveCfg = Debug|Any CPU
		{DE59F5CF-351B-4F67-8DD5-756B59B3E032}.Debug|x86.Build.0 = Debug|Any CPU
		{DE59F5CF-351B-4F67-8DD5-756B59B3E032}.Release|Any CPU.ActiveCfg = Release|Any CPU
		{DE59F5CF-351B-4F67-8DD5-756B59B3E032}.Release|Any CPU.Build.0 = Release|Any CPU
		{DE59F5CF-351B-4F67-8DD5-756B59B3E032}.Release|x64.ActiveCfg = Release|Any CPU
		{DE59F5CF-351B-4F67-8DD5-756B59B3E032}.Release|x64.Build.0 = Release|Any CPU
		{DE59F5CF-351B-4F67-8DD5-756B59B3E032}.Release|x86.ActiveCfg = Release|Any CPU
		{DE59F5CF-351B-4F67-8DD5-756B59B3E032}.Release|x86.Build.0 = Release|Any CPU
		{3A551481-8FE8-462C-83A6-D6F3A3B10C05}.Debug|Any CPU.ActiveCfg = Debug|Any CPU
		{3A551481-8FE8-462C-83A6-D6F3A3B10C05}.Debug|Any CPU.Build.0 = Debug|Any CPU
		{3A551481-8FE8-462C-83A6-D6F3A3B10C05}.Debug|x64.ActiveCfg = Debug|Any CPU
		{3A551481-8FE8-462C-83A6-D6F3A3B10C05}.Debug|x64.Build.0 = Debug|Any CPU
		{3A551481-8FE8-462C-83A6-D6F3A3B10C05}.Debug|x86.ActiveCfg = Debug|Any CPU
		{3A551481-8FE8-462C-83A6-D6F3A3B10C05}.Debug|x86.Build.0 = Debug|Any CPU
		{3A551481-8FE8-462C-83A6-D6F3A3B10C05}.Release|Any CPU.ActiveCfg = Release|Any CPU
		{3A551481-8FE8-462C-83A6-D6F3A3B10C05}.Release|Any CPU.Build.0 = Release|Any CPU
		{3A551481-8FE8-462C-83A6-D6F3A3B10C05}.Release|x64.ActiveCfg = Release|Any CPU
		{3A551481-8FE8-462C-83A6-D6F3A3B10C05}.Release|x64.Build.0 = Release|Any CPU
		{3A551481-8FE8-462C-83A6-D6F3A3B10C05}.Release|x86.ActiveCfg = Release|Any CPU
		{3A551481-8FE8-462C-83A6-D6F3A3B10C05}.Release|x86.Build.0 = Release|Any CPU
		{10F4CCAA-56A4-4338-A529-A3A2880B9424}.Debug|Any CPU.ActiveCfg = Debug|Any CPU
		{10F4CCAA-56A4-4338-A529-A3A2880B9424}.Debug|Any CPU.Build.0 = Debug|Any CPU
		{10F4CCAA-56A4-4338-A529-A3A2880B9424}.Debug|x64.ActiveCfg = Debug|Any CPU
		{10F4CCAA-56A4-4338-A529-A3A2880B9424}.Debug|x64.Build.0 = Debug|Any CPU
		{10F4CCAA-56A4-4338-A529-A3A2880B9424}.Debug|x86.ActiveCfg = Debug|Any CPU
		{10F4CCAA-56A4-4338-A529-A3A2880B9424}.Debug|x86.Build.0 = Debug|Any CPU
		{10F4CCAA-56A4-4338-A529-A3A2880B9424}.Release|Any CPU.ActiveCfg = Release|Any CPU
		{10F4CCAA-56A4-4338-A529-A3A2880B9424}.Release|Any CPU.Build.0 = Release|Any CPU
		{10F4CCAA-56A4-4338-A529-A3A2880B9424}.Release|x64.ActiveCfg = Release|Any CPU
		{10F4CCAA-56A4-4338-A529-A3A2880B9424}.Release|x64.Build.0 = Release|Any CPU
		{10F4CCAA-56A4-4338-A529-A3A2880B9424}.Release|x86.ActiveCfg = Release|Any CPU
		{10F4CCAA-56A4-4338-A529-A3A2880B9424}.Release|x86.Build.0 = Release|Any CPU
		{7283F170-BE99-4A46-A2C5-E8AFD482D4E8}.Debug|Any CPU.ActiveCfg = Debug|Any CPU
		{7283F170-BE99-4A46-A2C5-E8AFD482D4E8}.Debug|Any CPU.Build.0 = Debug|Any CPU
		{7283F170-BE99-4A46-A2C5-E8AFD482D4E8}.Debug|x64.ActiveCfg = Debug|Any CPU
		{7283F170-BE99-4A46-A2C5-E8AFD482D4E8}.Debug|x64.Build.0 = Debug|Any CPU
		{7283F170-BE99-4A46-A2C5-E8AFD482D4E8}.Debug|x86.ActiveCfg = Debug|Any CPU
		{7283F170-BE99-4A46-A2C5-E8AFD482D4E8}.Debug|x86.Build.0 = Debug|Any CPU
		{7283F170-BE99-4A46-A2C5-E8AFD482D4E8}.Release|Any CPU.ActiveCfg = Release|Any CPU
		{7283F170-BE99-4A46-A2C5-E8AFD482D4E8}.Release|Any CPU.Build.0 = Release|Any CPU
		{7283F170-BE99-4A46-A2C5-E8AFD482D4E8}.Release|x64.ActiveCfg = Release|Any CPU
		{7283F170-BE99-4A46-A2C5-E8AFD482D4E8}.Release|x64.Build.0 = Release|Any CPU
		{7283F170-BE99-4A46-A2C5-E8AFD482D4E8}.Release|x86.ActiveCfg = Release|Any CPU
		{7283F170-BE99-4A46-A2C5-E8AFD482D4E8}.Release|x86.Build.0 = Release|Any CPU
		{E08FD0FA-7C50-40FD-8B53-56BAF4106AE0}.Debug|Any CPU.ActiveCfg = Debug|Any CPU
		{E08FD0FA-7C50-40FD-8B53-56BAF4106AE0}.Debug|Any CPU.Build.0 = Debug|Any CPU
		{E08FD0FA-7C50-40FD-8B53-56BAF4106AE0}.Debug|x64.ActiveCfg = Debug|Any CPU
		{E08FD0FA-7C50-40FD-8B53-56BAF4106AE0}.Debug|x64.Build.0 = Debug|Any CPU
		{E08FD0FA-7C50-40FD-8B53-56BAF4106AE0}.Debug|x86.ActiveCfg = Debug|Any CPU
		{E08FD0FA-7C50-40FD-8B53-56BAF4106AE0}.Debug|x86.Build.0 = Debug|Any CPU
		{E08FD0FA-7C50-40FD-8B53-56BAF4106AE0}.Release|Any CPU.ActiveCfg = Release|Any CPU
		{E08FD0FA-7C50-40FD-8B53-56BAF4106AE0}.Release|Any CPU.Build.0 = Release|Any CPU
		{E08FD0FA-7C50-40FD-8B53-56BAF4106AE0}.Release|x64.ActiveCfg = Release|Any CPU
		{E08FD0FA-7C50-40FD-8B53-56BAF4106AE0}.Release|x64.Build.0 = Release|Any CPU
		{E08FD0FA-7C50-40FD-8B53-56BAF4106AE0}.Release|x86.ActiveCfg = Release|Any CPU
		{E08FD0FA-7C50-40FD-8B53-56BAF4106AE0}.Release|x86.Build.0 = Release|Any CPU
		{7827E22E-4AED-4E55-9F2E-B0304223C0A7}.Debug|Any CPU.ActiveCfg = Debug|Any CPU
		{7827E22E-4AED-4E55-9F2E-B0304223C0A7}.Debug|Any CPU.Build.0 = Debug|Any CPU
		{7827E22E-4AED-4E55-9F2E-B0304223C0A7}.Debug|x64.ActiveCfg = Debug|Any CPU
		{7827E22E-4AED-4E55-9F2E-B0304223C0A7}.Debug|x64.Build.0 = Debug|Any CPU
		{7827E22E-4AED-4E55-9F2E-B0304223C0A7}.Debug|x86.ActiveCfg = Debug|Any CPU
		{7827E22E-4AED-4E55-9F2E-B0304223C0A7}.Debug|x86.Build.0 = Debug|Any CPU
		{7827E22E-4AED-4E55-9F2E-B0304223C0A7}.Release|Any CPU.ActiveCfg = Release|Any CPU
		{7827E22E-4AED-4E55-9F2E-B0304223C0A7}.Release|Any CPU.Build.0 = Release|Any CPU
		{7827E22E-4AED-4E55-9F2E-B0304223C0A7}.Release|x64.ActiveCfg = Release|Any CPU
		{7827E22E-4AED-4E55-9F2E-B0304223C0A7}.Release|x64.Build.0 = Release|Any CPU
		{7827E22E-4AED-4E55-9F2E-B0304223C0A7}.Release|x86.ActiveCfg = Release|Any CPU
		{7827E22E-4AED-4E55-9F2E-B0304223C0A7}.Release|x86.Build.0 = Release|Any CPU
		{0972053F-358F-4307-BA7C-97693583D5D6}.Debug|Any CPU.ActiveCfg = Debug|Any CPU
		{0972053F-358F-4307-BA7C-97693583D5D6}.Debug|Any CPU.Build.0 = Debug|Any CPU
		{0972053F-358F-4307-BA7C-97693583D5D6}.Debug|x64.ActiveCfg = Debug|Any CPU
		{0972053F-358F-4307-BA7C-97693583D5D6}.Debug|x64.Build.0 = Debug|Any CPU
		{0972053F-358F-4307-BA7C-97693583D5D6}.Debug|x86.ActiveCfg = Debug|Any CPU
		{0972053F-358F-4307-BA7C-97693583D5D6}.Debug|x86.Build.0 = Debug|Any CPU
		{0972053F-358F-4307-BA7C-97693583D5D6}.Release|Any CPU.ActiveCfg = Release|Any CPU
		{0972053F-358F-4307-BA7C-97693583D5D6}.Release|Any CPU.Build.0 = Release|Any CPU
		{0972053F-358F-4307-BA7C-97693583D5D6}.Release|x64.ActiveCfg = Release|Any CPU
		{0972053F-358F-4307-BA7C-97693583D5D6}.Release|x64.Build.0 = Release|Any CPU
		{0972053F-358F-4307-BA7C-97693583D5D6}.Release|x86.ActiveCfg = Release|Any CPU
		{0972053F-358F-4307-BA7C-97693583D5D6}.Release|x86.Build.0 = Release|Any CPU
		{C3D8B8A4-8DAD-4CD9-8E0C-D91760EEF468}.Debug|Any CPU.ActiveCfg = Debug|Any CPU
		{C3D8B8A4-8DAD-4CD9-8E0C-D91760EEF468}.Debug|Any CPU.Build.0 = Debug|Any CPU
		{C3D8B8A4-8DAD-4CD9-8E0C-D91760EEF468}.Debug|x64.ActiveCfg = Debug|Any CPU
		{C3D8B8A4-8DAD-4CD9-8E0C-D91760EEF468}.Debug|x64.Build.0 = Debug|Any CPU
		{C3D8B8A4-8DAD-4CD9-8E0C-D91760EEF468}.Debug|x86.ActiveCfg = Debug|Any CPU
		{C3D8B8A4-8DAD-4CD9-8E0C-D91760EEF468}.Debug|x86.Build.0 = Debug|Any CPU
		{C3D8B8A4-8DAD-4CD9-8E0C-D91760EEF468}.Release|Any CPU.ActiveCfg = Release|Any CPU
		{C3D8B8A4-8DAD-4CD9-8E0C-D91760EEF468}.Release|Any CPU.Build.0 = Release|Any CPU
		{C3D8B8A4-8DAD-4CD9-8E0C-D91760EEF468}.Release|x64.ActiveCfg = Release|Any CPU
		{C3D8B8A4-8DAD-4CD9-8E0C-D91760EEF468}.Release|x64.Build.0 = Release|Any CPU
		{C3D8B8A4-8DAD-4CD9-8E0C-D91760EEF468}.Release|x86.ActiveCfg = Release|Any CPU
		{C3D8B8A4-8DAD-4CD9-8E0C-D91760EEF468}.Release|x86.Build.0 = Release|Any CPU
		{93DF2C60-FBB5-4575-B875-5E830B785ADF}.Debug|Any CPU.ActiveCfg = Debug|Any CPU
		{93DF2C60-FBB5-4575-B875-5E830B785ADF}.Debug|Any CPU.Build.0 = Debug|Any CPU
		{93DF2C60-FBB5-4575-B875-5E830B785ADF}.Debug|x64.ActiveCfg = Debug|Any CPU
		{93DF2C60-FBB5-4575-B875-5E830B785ADF}.Debug|x64.Build.0 = Debug|Any CPU
		{93DF2C60-FBB5-4575-B875-5E830B785ADF}.Debug|x86.ActiveCfg = Debug|Any CPU
		{93DF2C60-FBB5-4575-B875-5E830B785ADF}.Debug|x86.Build.0 = Debug|Any CPU
		{93DF2C60-FBB5-4575-B875-5E830B785ADF}.Release|Any CPU.ActiveCfg = Release|Any CPU
		{93DF2C60-FBB5-4575-B875-5E830B785ADF}.Release|Any CPU.Build.0 = Release|Any CPU
		{93DF2C60-FBB5-4575-B875-5E830B785ADF}.Release|x64.ActiveCfg = Release|Any CPU
		{93DF2C60-FBB5-4575-B875-5E830B785ADF}.Release|x64.Build.0 = Release|Any CPU
		{93DF2C60-FBB5-4575-B875-5E830B785ADF}.Release|x86.ActiveCfg = Release|Any CPU
		{93DF2C60-FBB5-4575-B875-5E830B785ADF}.Release|x86.Build.0 = Release|Any CPU
		{A936F6B0-C746-49B0-AE27-DBFB88BCB5A7}.Debug|Any CPU.ActiveCfg = Debug|Any CPU
		{A936F6B0-C746-49B0-AE27-DBFB88BCB5A7}.Debug|Any CPU.Build.0 = Debug|Any CPU
		{A936F6B0-C746-49B0-AE27-DBFB88BCB5A7}.Debug|x64.ActiveCfg = Debug|Any CPU
		{A936F6B0-C746-49B0-AE27-DBFB88BCB5A7}.Debug|x64.Build.0 = Debug|Any CPU
		{A936F6B0-C746-49B0-AE27-DBFB88BCB5A7}.Debug|x86.ActiveCfg = Debug|Any CPU
		{A936F6B0-C746-49B0-AE27-DBFB88BCB5A7}.Debug|x86.Build.0 = Debug|Any CPU
		{A936F6B0-C746-49B0-AE27-DBFB88BCB5A7}.Release|Any CPU.ActiveCfg = Release|Any CPU
		{A936F6B0-C746-49B0-AE27-DBFB88BCB5A7}.Release|Any CPU.Build.0 = Release|Any CPU
		{A936F6B0-C746-49B0-AE27-DBFB88BCB5A7}.Release|x64.ActiveCfg = Release|Any CPU
		{A936F6B0-C746-49B0-AE27-DBFB88BCB5A7}.Release|x64.Build.0 = Release|Any CPU
		{A936F6B0-C746-49B0-AE27-DBFB88BCB5A7}.Release|x86.ActiveCfg = Release|Any CPU
		{A936F6B0-C746-49B0-AE27-DBFB88BCB5A7}.Release|x86.Build.0 = Release|Any CPU
		{27DB86EF-7E02-4CD8-911D-33E5B8D88571}.Debug|Any CPU.ActiveCfg = Debug|Any CPU
		{27DB86EF-7E02-4CD8-911D-33E5B8D88571}.Debug|Any CPU.Build.0 = Debug|Any CPU
		{27DB86EF-7E02-4CD8-911D-33E5B8D88571}.Debug|x64.ActiveCfg = Debug|Any CPU
		{27DB86EF-7E02-4CD8-911D-33E5B8D88571}.Debug|x64.Build.0 = Debug|Any CPU
		{27DB86EF-7E02-4CD8-911D-33E5B8D88571}.Debug|x86.ActiveCfg = Debug|Any CPU
		{27DB86EF-7E02-4CD8-911D-33E5B8D88571}.Debug|x86.Build.0 = Debug|Any CPU
		{27DB86EF-7E02-4CD8-911D-33E5B8D88571}.Release|Any CPU.ActiveCfg = Release|Any CPU
		{27DB86EF-7E02-4CD8-911D-33E5B8D88571}.Release|Any CPU.Build.0 = Release|Any CPU
		{27DB86EF-7E02-4CD8-911D-33E5B8D88571}.Release|x64.ActiveCfg = Release|Any CPU
		{27DB86EF-7E02-4CD8-911D-33E5B8D88571}.Release|x64.Build.0 = Release|Any CPU
		{27DB86EF-7E02-4CD8-911D-33E5B8D88571}.Release|x86.ActiveCfg = Release|Any CPU
		{27DB86EF-7E02-4CD8-911D-33E5B8D88571}.Release|x86.Build.0 = Release|Any CPU
		{54E03B9A-6897-43D2-ACD6-FC8E74192C6A}.Debug|Any CPU.ActiveCfg = Debug|Any CPU
		{54E03B9A-6897-43D2-ACD6-FC8E74192C6A}.Debug|Any CPU.Build.0 = Debug|Any CPU
		{54E03B9A-6897-43D2-ACD6-FC8E74192C6A}.Debug|x64.ActiveCfg = Debug|Any CPU
		{54E03B9A-6897-43D2-ACD6-FC8E74192C6A}.Debug|x64.Build.0 = Debug|Any CPU
		{54E03B9A-6897-43D2-ACD6-FC8E74192C6A}.Debug|x86.ActiveCfg = Debug|Any CPU
		{54E03B9A-6897-43D2-ACD6-FC8E74192C6A}.Debug|x86.Build.0 = Debug|Any CPU
		{54E03B9A-6897-43D2-ACD6-FC8E74192C6A}.Release|Any CPU.ActiveCfg = Release|Any CPU
		{54E03B9A-6897-43D2-ACD6-FC8E74192C6A}.Release|Any CPU.Build.0 = Release|Any CPU
		{54E03B9A-6897-43D2-ACD6-FC8E74192C6A}.Release|x64.ActiveCfg = Release|Any CPU
		{54E03B9A-6897-43D2-ACD6-FC8E74192C6A}.Release|x64.Build.0 = Release|Any CPU
		{54E03B9A-6897-43D2-ACD6-FC8E74192C6A}.Release|x86.ActiveCfg = Release|Any CPU
		{54E03B9A-6897-43D2-ACD6-FC8E74192C6A}.Release|x86.Build.0 = Release|Any CPU
		{B4C75737-B55B-4684-B32A-C0A4FD8C0C47}.Debug|Any CPU.ActiveCfg = Debug|Any CPU
		{B4C75737-B55B-4684-B32A-C0A4FD8C0C47}.Debug|Any CPU.Build.0 = Debug|Any CPU
		{B4C75737-B55B-4684-B32A-C0A4FD8C0C47}.Debug|x64.ActiveCfg = Debug|Any CPU
		{B4C75737-B55B-4684-B32A-C0A4FD8C0C47}.Debug|x64.Build.0 = Debug|Any CPU
		{B4C75737-B55B-4684-B32A-C0A4FD8C0C47}.Debug|x86.ActiveCfg = Debug|Any CPU
		{B4C75737-B55B-4684-B32A-C0A4FD8C0C47}.Debug|x86.Build.0 = Debug|Any CPU
		{B4C75737-B55B-4684-B32A-C0A4FD8C0C47}.Release|Any CPU.ActiveCfg = Release|Any CPU
		{B4C75737-B55B-4684-B32A-C0A4FD8C0C47}.Release|Any CPU.Build.0 = Release|Any CPU
		{B4C75737-B55B-4684-B32A-C0A4FD8C0C47}.Release|x64.ActiveCfg = Release|Any CPU
		{B4C75737-B55B-4684-B32A-C0A4FD8C0C47}.Release|x64.Build.0 = Release|Any CPU
		{B4C75737-B55B-4684-B32A-C0A4FD8C0C47}.Release|x86.ActiveCfg = Release|Any CPU
		{B4C75737-B55B-4684-B32A-C0A4FD8C0C47}.Release|x86.Build.0 = Release|Any CPU
		{BC46DC58-49C0-4563-A304-69293147C6EF}.Debug|Any CPU.ActiveCfg = Debug|Any CPU
		{BC46DC58-49C0-4563-A304-69293147C6EF}.Debug|Any CPU.Build.0 = Debug|Any CPU
		{BC46DC58-49C0-4563-A304-69293147C6EF}.Debug|x64.ActiveCfg = Debug|Any CPU
		{BC46DC58-49C0-4563-A304-69293147C6EF}.Debug|x64.Build.0 = Debug|Any CPU
		{BC46DC58-49C0-4563-A304-69293147C6EF}.Debug|x86.ActiveCfg = Debug|Any CPU
		{BC46DC58-49C0-4563-A304-69293147C6EF}.Debug|x86.Build.0 = Debug|Any CPU
		{BC46DC58-49C0-4563-A304-69293147C6EF}.Release|Any CPU.ActiveCfg = Release|Any CPU
		{BC46DC58-49C0-4563-A304-69293147C6EF}.Release|Any CPU.Build.0 = Release|Any CPU
		{BC46DC58-49C0-4563-A304-69293147C6EF}.Release|x64.ActiveCfg = Release|Any CPU
		{BC46DC58-49C0-4563-A304-69293147C6EF}.Release|x64.Build.0 = Release|Any CPU
		{BC46DC58-49C0-4563-A304-69293147C6EF}.Release|x86.ActiveCfg = Release|Any CPU
		{BC46DC58-49C0-4563-A304-69293147C6EF}.Release|x86.Build.0 = Release|Any CPU
		{1ADCF692-DFAB-400D-A934-CFE9F798C7A5}.Debug|Any CPU.ActiveCfg = Debug|Any CPU
		{1ADCF692-DFAB-400D-A934-CFE9F798C7A5}.Debug|Any CPU.Build.0 = Debug|Any CPU
		{1ADCF692-DFAB-400D-A934-CFE9F798C7A5}.Debug|x64.ActiveCfg = Debug|Any CPU
		{1ADCF692-DFAB-400D-A934-CFE9F798C7A5}.Debug|x64.Build.0 = Debug|Any CPU
		{1ADCF692-DFAB-400D-A934-CFE9F798C7A5}.Debug|x86.ActiveCfg = Debug|Any CPU
		{1ADCF692-DFAB-400D-A934-CFE9F798C7A5}.Debug|x86.Build.0 = Debug|Any CPU
		{1ADCF692-DFAB-400D-A934-CFE9F798C7A5}.Release|Any CPU.ActiveCfg = Release|Any CPU
		{1ADCF692-DFAB-400D-A934-CFE9F798C7A5}.Release|Any CPU.Build.0 = Release|Any CPU
		{1ADCF692-DFAB-400D-A934-CFE9F798C7A5}.Release|x64.ActiveCfg = Release|Any CPU
		{1ADCF692-DFAB-400D-A934-CFE9F798C7A5}.Release|x64.Build.0 = Release|Any CPU
		{1ADCF692-DFAB-400D-A934-CFE9F798C7A5}.Release|x86.ActiveCfg = Release|Any CPU
		{1ADCF692-DFAB-400D-A934-CFE9F798C7A5}.Release|x86.Build.0 = Release|Any CPU
		{2E752B8B-E7D9-4D4C-8123-5F0D71AC058E}.Debug|Any CPU.ActiveCfg = Debug|Any CPU
		{2E752B8B-E7D9-4D4C-8123-5F0D71AC058E}.Debug|Any CPU.Build.0 = Debug|Any CPU
		{2E752B8B-E7D9-4D4C-8123-5F0D71AC058E}.Debug|x64.ActiveCfg = Debug|Any CPU
		{2E752B8B-E7D9-4D4C-8123-5F0D71AC058E}.Debug|x64.Build.0 = Debug|Any CPU
		{2E752B8B-E7D9-4D4C-8123-5F0D71AC058E}.Debug|x86.ActiveCfg = Debug|Any CPU
		{2E752B8B-E7D9-4D4C-8123-5F0D71AC058E}.Debug|x86.Build.0 = Debug|Any CPU
		{2E752B8B-E7D9-4D4C-8123-5F0D71AC058E}.Release|Any CPU.ActiveCfg = Release|Any CPU
		{2E752B8B-E7D9-4D4C-8123-5F0D71AC058E}.Release|Any CPU.Build.0 = Release|Any CPU
		{2E752B8B-E7D9-4D4C-8123-5F0D71AC058E}.Release|x64.ActiveCfg = Release|Any CPU
		{2E752B8B-E7D9-4D4C-8123-5F0D71AC058E}.Release|x64.Build.0 = Release|Any CPU
		{2E752B8B-E7D9-4D4C-8123-5F0D71AC058E}.Release|x86.ActiveCfg = Release|Any CPU
		{2E752B8B-E7D9-4D4C-8123-5F0D71AC058E}.Release|x86.Build.0 = Release|Any CPU
	EndGlobalSection
	GlobalSection(SolutionProperties) = preSolution
		HideSolutionNode = FALSE
	EndGlobalSection
	GlobalSection(NestedProjects) = preSolution
		{A0000001-0000-0000-0000-000000000001} = {F0000001-0000-0000-0000-000000000001}
		{A0000001-0000-0000-0000-000000000002} = {F0000001-0000-0000-0000-000000000001}
		{A0000002-0000-0000-0000-000000000001} = {F0000001-0000-0000-0000-000000000002}
		{A0000002-0000-0000-0000-000000000002} = {F0000001-0000-0000-0000-000000000002}
		{A0000002-0000-0000-0000-000000000003} = {F0000001-0000-0000-0000-000000000002}
		{A0000002-0000-0000-0000-000000000004} = {F0000001-0000-0000-0000-000000000002}
		{A0000002-0000-0000-0000-000000000005} = {F0000001-0000-0000-0000-000000000002}
		{A0000002-0000-0000-0000-000000000006} = {F0000001-0000-0000-0000-000000000002}
		{A0000002-0000-0000-0000-000000000007} = {F0000001-0000-0000-0000-000000000002}
		{A0000003-0000-0000-0000-000000000001} = {F0000001-0000-0000-0000-000000000003}
		{A0000003-0000-0000-0000-000000000002} = {F0000001-0000-0000-0000-000000000003}
		{A0000003-0000-0000-0000-000000000003} = {F0000001-0000-0000-0000-000000000003}
		{A0000003-0000-0000-0000-000000000004} = {F0000001-0000-0000-0000-000000000003}
		{A0000003-0000-0000-0000-000000000005} = {F0000001-0000-0000-0000-000000000003}
		{A0000003-0000-0000-0000-000000000006} = {F0000001-0000-0000-0000-000000000003}
		{A0000003-0000-0000-0000-000000000007} = {F0000001-0000-0000-0000-000000000003}
		{A0000003-0000-0000-0000-000000000008} = {F0000001-0000-0000-0000-000000000003}
		{B2F416DC-A44E-4ED9-B169-6EECF2F00BB2} = {07C2787E-EAC7-C090-1BA3-A61EC2A24D84}
		{73D60BE6-6662-4FD5-BD6E-D087E91F5E3E} = {F0000001-0000-0000-0000-000000000003}
		{766F19E0-A235-4F80-B148-83A6838F56B8} = {F0000001-0000-0000-0000-000000000002}
		{FB3ED8FB-D65E-4AA5-BB00-02B6B0CCBA2C} = {F0000001-0000-0000-0000-000000000002}
		{15F9FF02-E289-42B2-ADE3-DE3D0C7CBABF} = {07C2787E-EAC7-C090-1BA3-A61EC2A24D84}
		{CA388A0C-B639-443A-A8D9-FA330B1C49EE} = {F0000001-0000-0000-0000-000000000002}
		{7C48BD98-65FA-4E6B-B91E-09C9FAFC033D} = {F0000001-0000-0000-0000-000000000002}
		{A96574A7-4C9E-401F-86A9-5931112B7E7D} = {F0000001-0000-0000-0000-000000000002}
		{E6536183-5564-4302-AC12-A998AD93A3FB} = {F0000001-0000-0000-0000-000000000002}
		{A3FEB52B-BE24-493B-928F-3BBD511CCB46} = {F0000001-0000-0000-0000-000000000001}
		{610304B2-FCD6-4C5D-AB67-A39C40A56A18} = {F0000001-0000-0000-0000-000000000002}
		{4FA2CEC9-EC19-4383-9DDC-A63B2353307C} = {F0000001-0000-0000-0000-000000000002}
		{8DD157EE-9E08-4D94-91E5-363BEDFCD8C1} = {F0000001-0000-0000-0000-000000000002}
		{0EC49ED1-3588-4E21-84F8-99C950E913CD} = {F0000001-0000-0000-0000-000000000001}
		{E7C03468-2795-4C6D-B9C5-E1DC8494E5CC} = {F0000001-0000-0000-0000-000000000002}
		{C588A8D6-EF16-49F0-91BE-C20F49F2C4D7} = {F0000001-0000-0000-0000-000000000002}
		{DA557E01-342E-491D-A960-E76491B8F5B9} = {F0000001-0000-0000-0000-000000000002}
		{07F07E66-32F5-4719-B6BE-5225527B1FE0} = {F0000001-0000-0000-0000-000000000002}
		{B7BD8DBC-B38E-4DF6-B9F2-1F22E6B203A0} = {F0000001-0000-0000-0000-000000000002}
		{BC288B49-C1FD-47BF-B043-64FB0B10ECD5} = {F0000001-0000-0000-0000-000000000002}
		{A7529FDE-46F7-4070-A081-FE4734C3B756} = {F0000001-0000-0000-0000-000000000002}
		{984BB9B3-3FA3-BE33-9484-CAC21695A33C} = {827E0CD3-B72D-47B6-A68D-7590B98EB39B}
		{061E9ED9-C396-AD7E-8FB1-7566F161CAA5} = {984BB9B3-3FA3-BE33-9484-CAC21695A33C}
		{DE59F5CF-351B-4F67-8DD5-756B59B3E032} = {061E9ED9-C396-AD7E-8FB1-7566F161CAA5}
		{3A551481-8FE8-462C-83A6-D6F3A3B10C05} = {061E9ED9-C396-AD7E-8FB1-7566F161CAA5}
		{10F4CCAA-56A4-4338-A529-A3A2880B9424} = {061E9ED9-C396-AD7E-8FB1-7566F161CAA5}
		{7283F170-BE99-4A46-A2C5-E8AFD482D4E8} = {061E9ED9-C396-AD7E-8FB1-7566F161CAA5}
		{E08FD0FA-7C50-40FD-8B53-56BAF4106AE0} = {F0000001-0000-0000-0000-000000000003}
		{7827E22E-4AED-4E55-9F2E-B0304223C0A7} = {F0000001-0000-0000-0000-000000000003}
		{6306A8FB-679E-111F-6585-8F70E0EE6013} = {827E0CD3-B72D-47B6-A68D-7590B98EB39B}
		{0972053F-358F-4307-BA7C-97693583D5D6} = {6306A8FB-679E-111F-6585-8F70E0EE6013}
		{C8E42992-5E42-0C2B-DBFE-AA848D06431C} = {827E0CD3-B72D-47B6-A68D-7590B98EB39B}
		{C3D8B8A4-8DAD-4CD9-8E0C-D91760EEF468} = {C8E42992-5E42-0C2B-DBFE-AA848D06431C}
		{93DF2C60-FBB5-4575-B875-5E830B785ADF} = {C8E42992-5E42-0C2B-DBFE-AA848D06431C}
		{DCB6FCB8-FF92-AC57-0842-1F72A354D6B1} = {827E0CD3-B72D-47B6-A68D-7590B98EB39B}
		{A936F6B0-C746-49B0-AE27-DBFB88BCB5A7} = {DCB6FCB8-FF92-AC57-0842-1F72A354D6B1}
		{27DB86EF-7E02-4CD8-911D-33E5B8D88571} = {C8E42992-5E42-0C2B-DBFE-AA848D06431C}
		{C5FBE174-8E0F-F5A3-B929-8BD0C55C0A32} = {984BB9B3-3FA3-BE33-9484-CAC21695A33C}
		{54E03B9A-6897-43D2-ACD6-FC8E74192C6A} = {C5FBE174-8E0F-F5A3-B929-8BD0C55C0A32}
		{B4C75737-B55B-4684-B32A-C0A4FD8C0C47} = {C5FBE174-8E0F-F5A3-B929-8BD0C55C0A32}
		{BC46DC58-49C0-4563-A304-69293147C6EF} = {C5FBE174-8E0F-F5A3-B929-8BD0C55C0A32}
		{1ADCF692-DFAB-400D-A934-CFE9F798C7A5} = {C5FBE174-8E0F-F5A3-B929-8BD0C55C0A32}
		{2E752B8B-E7D9-4D4C-8123-5F0D71AC058E} = {F0000001-0000-0000-0000-000000000003}
	EndGlobalSection
EndGlobal
