
Microsoft Visual Studio Solution File, Format Version 12.00
# Visual Studio Version 17
VisualStudioVersion = 17.11.35222.181
MinimumVisualStudioVersion = 10.0.40219.1
Project("{2150E333-8FDC-42A3-9474-1A3956D46DE8}") = "shared", "shared", "{F0000001-0000-0000-0000-000000000001}"
EndProject
Project("{2150E333-8FDC-42A3-9474-1A3956D46DE8}") = "services", "services", "{F0000001-0000-0000-0000-000000000002}"
EndProject
Project("{2150E333-8FDC-42A3-9474-1A3956D46DE8}") = "tests", "tests", "{F0000001-0000-0000-0000-000000000003}"
EndProject
Project("{9A19103F-16F7-4668-BE54-9A1E7A4F7556}") = "Certiflow.SharedKernel", "src\shared\Certiflow.SharedKernel\Certiflow.SharedKernel.csproj", "{A0000001-0000-0000-0000-000000000001}"
EndProject
Project("{9A19103F-16F7-4668-BE54-9A1E7A4F7556}") = "Certiflow.Contracts", "src\shared\Certiflow.Contracts\Certiflow.Contracts.csproj", "{A0000001-0000-0000-0000-000000000002}"
EndProject
Project("{9A19103F-16F7-4668-BE54-9A1E7A4F7556}") = "Certiflow.SupplierRegistry.Domain", "src\services\supplier-registry\Certiflow.SupplierRegistry.Domain\Certiflow.SupplierRegistry.Domain.csproj", "{A0000002-0000-0000-0000-000000000001}"
EndProject
Project("{9A19103F-16F7-4668-BE54-9A1E7A4F7556}") = "Certiflow.Intake.Domain", "src\services\document-intake\Certiflow.Intake.Domain\Certiflow.Intake.Domain.csproj", "{A0000002-0000-0000-0000-000000000002}"
EndProject
Project("{9A19103F-16F7-4668-BE54-9A1E7A4F7556}") = "Certiflow.Intelligence.Domain", "src\services\document-intelligence\Certiflow.Intelligence.Domain\Certiflow.Intelligence.Domain.csproj", "{A0000002-0000-0000-0000-000000000003}"
EndProject
Project("{9A19103F-16F7-4668-BE54-9A1E7A4F7556}") = "Certiflow.Verification.Domain", "src\services\verification\Certiflow.Verification.Domain\Certiflow.Verification.Domain.csproj", "{A0000002-0000-0000-0000-000000000004}"
EndProject
Project("{9A19103F-16F7-4668-BE54-9A1E7A4F7556}") = "Certiflow.Compliance.Domain", "src\services\compliance\Certiflow.Compliance.Domain\Certiflow.Compliance.Domain.csproj", "{A0000002-0000-0000-0000-000000000005}"
EndProject
Project("{9A19103F-16F7-4668-BE54-9A1E7A4F7556}") = "Certiflow.Audit.Domain", "src\services\audit-trail\Certiflow.Audit.Domain\Certiflow.Audit.Domain.csproj", "{A0000002-0000-0000-0000-000000000006}"
EndProject
Project("{9A19103F-16F7-4668-BE54-9A1E7A4F7556}") = "Certiflow.Compliance.Application", "src\services\compliance\Certiflow.Compliance.Application\Certiflow.Compliance.Application.csproj", "{A0000002-0000-0000-0000-000000000007}"
EndProject
Project("{9A19103F-16F7-4668-BE54-9A1E7A4F7556}") = "Certiflow.SupplierRegistry.Domain.Tests", "tests\Certiflow.SupplierRegistry.Domain.Tests\Certiflow.SupplierRegistry.Domain.Tests.csproj", "{A0000003-0000-0000-0000-000000000001}"
EndProject
Project("{9A19103F-16F7-4668-BE54-9A1E7A4F7556}") = "Certiflow.Intake.Domain.Tests", "tests\Certiflow.Intake.Domain.Tests\Certiflow.Intake.Domain.Tests.csproj", "{A0000003-0000-0000-0000-000000000002}"
EndProject
Project("{9A19103F-16F7-4668-BE54-9A1E7A4F7556}") = "Certiflow.Intelligence.Domain.Tests", "tests\Certiflow.Intelligence.Domain.Tests\Certiflow.Intelligence.Domain.Tests.csproj", "{A0000003-0000-0000-0000-000000000003}"
EndProject
Project("{9A19103F-16F7-4668-BE54-9A1E7A4F7556}") = "Certiflow.Verification.Domain.Tests", "tests\Certiflow.Verification.Domain.Tests\Certiflow.Verification.Domain.Tests.csproj", "{A0000003-0000-0000-0000-000000000004}"
EndProject
Project("{9A19103F-16F7-4668-BE54-9A1E7A4F7556}") = "Certiflow.Compliance.Domain.Tests", "tests\Certiflow.Compliance.Domain.Tests\Certiflow.Compliance.Domain.Tests.csproj", "{A0000003-0000-0000-0000-000000000005}"
EndProject
Project("{9A19103F-16F7-4668-BE54-9A1E7A4F7556}") = "Certiflow.Audit.Domain.Tests", "tests\Certiflow.Audit.Domain.Tests\Certiflow.Audit.Domain.Tests.csproj", "{A0000003-0000-0000-0000-000000000006}"
EndProject
Project("{9A19103F-16F7-4668-BE54-9A1E7A4F7556}") = "Certiflow.ArchitectureTests", "tests\Certiflow.ArchitectureTests\Certiflow.ArchitectureTests.csproj", "{A0000003-0000-0000-0000-000000000007}"
EndProject
Project("{9A19103F-16F7-4668-BE54-9A1E7A4F7556}") = "Certiflow.Compliance.Application.Tests", "tests\Certiflow.Compliance.Application.Tests\Certiflow.Compliance.Application.Tests.csproj", "{A0000003-0000-0000-0000-000000000008}"
EndProject
Project("{2150E333-8FDC-42A3-9474-1A3956D46DE8}") = "tools", "tools", "{07C2787E-EAC7-C090-1BA3-A61EC2A24D84}"
EndProject
Project("{FAE04EC0-301F-11D3-BF4B-00C04F79EFBC}") = "Certiflow.SeedCorpus", "src\tools\Certiflow.SeedCorpus\Certiflow.SeedCorpus.csproj", "{B2F416DC-A44E-4ED9-B169-6EECF2F00BB2}"
EndProject
Project("{FAE04EC0-301F-11D3-BF4B-00C04F79EFBC}") = "Certiflow.SeedCorpus.Tests", "tests\Certiflow.SeedCorpus.Tests\Certiflow.SeedCorpus.Tests.csproj", "{73D60BE6-6662-4FD5-BD6E-D087E91F5E3E}"
EndProject
Project("{FAE04EC0-301F-11D3-BF4B-00C04F79EFBC}") = "Certiflow.Intelligence.Application", "src\services\document-intelligence\Certiflow.Intelligence.Application\Certiflow.Intelligence.Application.csproj", "{766F19E0-A235-4F80-B148-83A6838F56B8}"
EndProject
Project("{FAE04EC0-301F-11D3-BF4B-00C04F79EFBC}") = "Certiflow.Intelligence.Infrastructure", "src\services\document-intelligence\Certiflow.Intelligence.Infrastructure\Certiflow.Intelligence.Infrastructure.csproj", "{FB3ED8FB-D65E-4AA5-BB00-02B6B0CCBA2C}"
EndProject
Project("{FAE04EC0-301F-11D3-BF4B-00C04F79EFBC}") = "Certiflow.ExtractionSpike", "src\tools\Certiflow.ExtractionSpike\Certiflow.ExtractionSpike.csproj", "{15F9FF02-E289-42B2-ADE3-DE3D0C7CBABF}"
EndProject
Project("{FAE04EC0-301F-11D3-BF4B-00C04F79EFBC}") = "Certiflow.Intake.Application", "src\services\document-intake\Certiflow.Intake.Application\Certiflow.Intake.Application.csproj", "{CA388A0C-B639-443A-A8D9-FA330B1C49EE}"
EndProject
Project("{FAE04EC0-301F-11D3-BF4B-00C04F79EFBC}") = "Certiflow.Intake.Infrastructure", "src\services\document-intake\Certiflow.Intake.Infrastructure\Certiflow.Intake.Infrastructure.csproj", "{7C48BD98-65FA-4E6B-B91E-09C9FAFC033D}"
EndProject
Project("{FAE04EC0-301F-11D3-BF4B-00C04F79EFBC}") = "Certiflow.Intake.Api", "src\services\document-intake\Certiflow.Intake.Api\Certiflow.Intake.Api.csproj", "{A96574A7-4C9E-401F-86A9-5931112B7E7D}"
EndProject
Project("{FAE04EC0-301F-11D3-BF4B-00C04F79EFBC}") = "Certiflow.Intelligence.Worker", "src\services\document-intelligence\Certiflow.Intelligence.Worker\Certiflow.Intelligence.Worker.csproj", "{E6536183-5564-4302-AC12-A998AD93A3FB}"
EndProject
Project("{FAE04EC0-301F-11D3-BF4B-00C04F79EFBC}") = "Certiflow.Persistence", "src\shared\Certiflow.Persistence\Certiflow.Persistence.csproj", "{A3FEB52B-BE24-493B-928F-3BBD511CCB46}"
EndProject
Project("{FAE04EC0-301F-11D3-BF4B-00C04F79EFBC}") = "Certiflow.Verification.Application", "src\services\verification\Certiflow.Verification.Application\Certiflow.Verification.Application.csproj", "{610304B2-FCD6-4C5D-AB67-A39C40A56A18}"
EndProject
Project("{FAE04EC0-301F-11D3-BF4B-00C04F79EFBC}") = "Certiflow.Verification.Infrastructure", "src\services\verification\Certiflow.Verification.Infrastructure\Certiflow.Verification.Infrastructure.csproj", "{4FA2CEC9-EC19-4383-9DDC-A63B2353307C}"
EndProject
Project("{FAE04EC0-301F-11D3-BF4B-00C04F79EFBC}") = "Certiflow.Verification.Api", "src\services\verification\Certiflow.Verification.Api\Certiflow.Verification.Api.csproj", "{8DD157EE-9E08-4D94-91E5-363BEDFCD8C1}"
EndProject
Project("{FAE04EC0-301F-11D3-BF4B-00C04F79EFBC}") = "Certiflow.Http", "src\shared\Certiflow.Http\Certiflow.Http.csproj", "{0EC49ED1-3588-4E21-84F8-99C950E913CD}"
EndProject
Global
	GlobalSection(SolutionConfigurationPlatforms) = preSolution
		Debug|Any CPU = Debug|Any CPU
		Debug|x64 = Debug|x64
		Debug|x86 = Debug|x86
		Release|Any CPU = Release|Any CPU
		Release|x64 = Release|x64
		Release|x86 = Release|x86
	EndGlobalSection
	GlobalSection(ProjectConfigurationPlatforms) = postSolution
		{A0000001-0000-0000-0000-000000000001}.Debug|Any CPU.ActiveCfg = Debug|Any CPU
		{A0000001-0000-0000-0000-000000000001}.Debug|Any CPU.Build.0 = Debug|Any CPU
		{A0000001-0000-0000-0000-000000000001}.Debug|x64.ActiveCfg = Debug|Any CPU
		{A0000001-0000-0000-0000-000000000001}.Debug|x64.Build.0 = Debug|Any CPU
		{A0000001-0000-0000-0000-000000000001}.Debug|x86.ActiveCfg = Debug|Any CPU
		{A0000001-0000-0000-0000-000000000001}.Debug|x86.Build.0 = Debug|Any CPU
		{A0000001-0000-0000-0000-000000000001}.Release|Any CPU.ActiveCfg = Release|Any CPU
		{A0000001-0000-0000-0000-000000000001}.Release|Any CPU.Build.0 = Release|Any CPU
		{A0000001-0000-0000-0000-000000000001}.Release|x64.ActiveCfg = Release|Any CPU
		{A0000001-0000-0000-0000-000000000001}.Release|x64.Build.0 = Release|Any CPU
		{A0000001-0000-0000-0000-000000000001}.Release|x86.ActiveCfg = Release|Any CPU
		{A0000001-0000-0000-0000-000000000001}.Release|x86.Build.0 = Release|Any CPU
		{A0000001-0000-0000-0000-000000000002}.Debug|Any CPU.ActiveCfg = Debug|Any CPU
		{A0000001-0000-0000-0000-000000000002}.Debug|Any CPU.Build.0 = Debug|Any CPU
		{A0000001-0000-0000-0000-000000000002}.Debug|x64.ActiveCfg = Debug|Any CPU
		{A0000001-0000-0000-0000-000000000002}.Debug|x64.Build.0 = Debug|Any CPU
		{A0000001-0000-0000-0000-000000000002}.Debug|x86.ActiveCfg = Debug|Any CPU
		{A0000001-0000-0000-0000-000000000002}.Debug|x86.Build.0 = Debug|Any CPU
		{A0000001-0000-0000-0000-000000000002}.Release|Any CPU.ActiveCfg = Release|Any CPU
		{A0000001-0000-0000-0000-000000000002}.Release|Any CPU.Build.0 = Release|Any CPU
		{A0000001-0000-0000-0000-000000000002}.Release|x64.ActiveCfg = Release|Any CPU
		{A0000001-0000-0000-0000-000000000002}.Release|x64.Build.0 = Release|Any CPU
		{A0000001-0000-0000-0000-000000000002}.Release|x86.ActiveCfg = Release|Any CPU
		{A0000001-0000-0000-0000-000000000002}.Release|x86.Build.0 = Release|Any CPU
		{A0000002-0000-0000-0000-000000000001}.Debug|Any CPU.ActiveCfg = Debug|Any CPU
		{A0000002-0000-0000-0000-000000000001}.Debug|Any CPU.Build.0 = Debug|Any CPU
		{A0000002-0000-0000-0000-000000000001}.Debug|x64.ActiveCfg = Debug|Any CPU
		{A0000002-0000-0000-0000-000000000001}.Debug|x64.Build.0 = Debug|Any CPU
		{A0000002-0000-0000-0000-000000000001}.Debug|x86.ActiveCfg = Debug|Any CPU
		{A0000002-0000-0000-0000-000000000001}.Debug|x86.Build.0 = Debug|Any CPU
		{A0000002-0000-0000-0000-000000000001}.Release|Any CPU.ActiveCfg = Release|Any CPU
		{A0000002-0000-0000-0000-000000000001}.Release|Any CPU.Build.0 = Release|Any CPU
		{A0000002-0000-0000-0000-000000000001}.Release|x64.ActiveCfg = Release|Any CPU
		{A0000002-0000-0000-0000-000000000001}.Release|x64.Build.0 = Release|Any CPU
		{A0000002-0000-0000-0000-000000000001}.Release|x86.ActiveCfg = Release|Any CPU
		{A0000002-0000-0000-0000-000000000001}.Release|x86.Build.0 = Release|Any CPU
		{A0000002-0000-0000-0000-000000000002}.Debug|Any CPU.ActiveCfg = Debug|Any CPU
		{A0000002-0000-0000-0000-000000000002}.Debug|Any CPU.Build.0 = Debug|Any CPU
		{A0000002-0000-0000-0000-000000000002}.Debug|x64.ActiveCfg = Debug|Any CPU
		{A0000002-0000-0000-0000-000000000002}.Debug|x64.Build.0 = Debug|Any CPU
		{A0000002-0000-0000-0000-000000000002}.Debug|x86.ActiveCfg = Debug|Any CPU
		{A0000002-0000-0000-0000-000000000002}.Debug|x86.Build.0 = Debug|Any CPU
		{A0000002-0000-0000-0000-000000000002}.Release|Any CPU.ActiveCfg = Release|Any CPU
		{A0000002-0000-0000-0000-000000000002}.Release|Any CPU.Build.0 = Release|Any CPU
		{A0000002-0000-0000-0000-000000000002}.Release|x64.ActiveCfg = Release|Any CPU
		{A0000002-0000-0000-0000-000000000002}.Release|x64.Build.0 = Release|Any CPU
		{A0000002-0000-0000-0000-000000000002}.Release|x86.ActiveCfg = Release|Any CPU
		{A0000002-0000-0000-0000-000000000002}.Release|x86.Build.0 = Release|Any CPU
		{A0000002-0000-0000-0000-000000000003}.Debug|Any CPU.ActiveCfg = Debug|Any CPU
		{A0000002-0000-0000-0000-000000000003}.Debug|Any CPU.Build.0 = Debug|Any CPU
		{A0000002-0000-0000-0000-000000000003}.Debug|x64.ActiveCfg = Debug|Any CPU
		{A0000002-0000-0000-0000-000000000003}.Debug|x64.Build.0 = Debug|Any CPU
		{A0000002-0000-0000-0000-000000000003}.Debug|x86.ActiveCfg = Debug|Any CPU
		{A0000002-0000-0000-0000-000000000003}.Debug|x86.Build.0 = Debug|Any CPU
		{A0000002-0000-0000-0000-000000000003}.Release|Any CPU.ActiveCfg = Release|Any CPU
		{A0000002-0000-0000-0000-000000000003}.Release|Any CPU.Build.0 = Release|Any CPU
		{A0000002-0000-0000-0000-000000000003}.Release|x64.ActiveCfg = Release|Any CPU
		{A0000002-0000-0000-0000-000000000003}.Release|x64.Build.0 = Release|Any CPU
		{A0000002-0000-0000-0000-000000000003}.Release|x86.ActiveCfg = Release|Any CPU
		{A0000002-0000-0000-0000-000000000003}.Release|x86.Build.0 = Release|Any CPU
		{A0000002-0000-0000-0000-000000000004}.Debug|Any CPU.ActiveCfg = Debug|Any CPU
		{A0000002-0000-0000-0000-000000000004}.Debug|Any CPU.Build.0 = Debug|Any CPU
		{A0000002-0000-0000-0000-000000000004}.Debug|x64.ActiveCfg = Debug|Any CPU
		{A0000002-0000-0000-0000-000000000004}.Debug|x64.Build.0 = Debug|Any CPU
		{A0000002-0000-0000-0000-000000000004}.Debug|x86.ActiveCfg = Debug|Any CPU
		{A0000002-0000-0000-0000-000000000004}.Debug|x86.Build.0 = Debug|Any CPU
		{A0000002-0000-0000-0000-000000000004}.Release|Any CPU.ActiveCfg = Release|Any CPU
		{A0000002-0000-0000-0000-000000000004}.Release|Any CPU.Build.0 = Release|Any CPU
		{A0000002-0000-0000-0000-000000000004}.Release|x64.ActiveCfg = Release|Any CPU
		{A0000002-0000-0000-0000-000000000004}.Release|x64.Build.0 = Release|Any CPU
		{A0000002-0000-0000-0000-000000000004}.Release|x86.ActiveCfg = Release|Any CPU
		{A0000002-0000-0000-0000-000000000004}.Release|x86.Build.0 = Release|Any CPU
		{A0000002-0000-0000-0000-000000000005}.Debug|Any CPU.ActiveCfg = Debug|Any CPU
		{A0000002-0000-0000-0000-000000000005}.Debug|Any CPU.Build.0 = Debug|Any CPU
		{A0000002-0000-0000-0000-000000000005}.Debug|x64.ActiveCfg = Debug|Any CPU
		{A0000002-0000-0000-0000-000000000005}.Debug|x64.Build.0 = Debug|Any CPU
		{A0000002-0000-0000-0000-000000000005}.Debug|x86.ActiveCfg = Debug|Any CPU
		{A0000002-0000-0000-0000-000000000005}.Debug|x86.Build.0 = Debug|Any CPU
		{A0000002-0000-0000-0000-000000000005}.Release|Any CPU.ActiveCfg = Release|Any CPU
		{A0000002-0000-0000-0000-000000000005}.Release|Any CPU.Build.0 = Release|Any CPU
		{A0000002-0000-0000-0000-000000000005}.Release|x64.ActiveCfg = Release|Any CPU
		{A0000002-0000-0000-0000-000000000005}.Release|x64.Build.0 = Release|Any CPU
		{A0000002-0000-0000-0000-000000000005}.Release|x86.ActiveCfg = Release|Any CPU
		{A0000002-0000-0000-0000-000000000005}.Release|x86.Build.0 = Release|Any CPU
		{A0000002-0000-0000-0000-000000000006}.Debug|Any CPU.ActiveCfg = Debug|Any CPU
		{A0000002-0000-0000-0000-000000000006}.Debug|Any CPU.Build.0 = Debug|Any CPU
		{A0000002-0000-0000-0000-000000000006}.Debug|x64.ActiveCfg = Debug|Any CPU
		{A0000002-0000-0000-0000-000000000006}.Debug|x64.Build.0 = Debug|Any CPU
		{A0000002-0000-0000-0000-000000000006}.Debug|x86.ActiveCfg = Debug|Any CPU
		{A0000002-0000-0000-0000-000000000006}.Debug|x86.Build.0 = Debug|Any CPU
		{A0000002-0000-0000-0000-000000000006}.Release|Any CPU.ActiveCfg = Release|Any CPU
		{A0000002-0000-0000-0000-000000000006}.Release|Any CPU.Build.0 = Release|Any CPU
		{A0000002-0000-0000-0000-000000000006}.Release|x64.ActiveCfg = Release|Any CPU
		{A0000002-0000-0000-0000-000000000006}.Release|x64.Build.0 = Release|Any CPU
		{A0000002-0000-0000-0000-000000000006}.Release|x86.ActiveCfg = Release|Any CPU
		{A0000002-0000-0000-0000-000000000006}.Release|x86.Build.0 = Release|Any CPU
		{A0000002-0000-0000-0000-000000000007}.Debug|Any CPU.ActiveCfg = Debug|Any CPU
		{A0000002-0000-0000-0000-000000000007}.Debug|Any CPU.Build.0 = Debug|Any CPU
		{A0000002-0000-0000-0000-000000000007}.Debug|x64.ActiveCfg = Debug|Any CPU
		{A0000002-0000-0000-0000-000000000007}.Debug|x64.Build.0 = Debug|Any CPU
		{A0000002-0000-0000-0000-000000000007}.Debug|x86.ActiveCfg = Debug|Any CPU
		{A0000002-0000-0000-0000-000000000007}.Debug|x86.Build.0 = Debug|Any CPU
		{A0000002-0000-0000-0000-000000000007}.Release|Any CPU.ActiveCfg = Release|Any CPU
		{A0000002-0000-0000-0000-000000000007}.Release|Any CPU.Build.0 = Release|Any CPU
		{A0000002-0000-0000-0000-000000000007}.Release|x64.ActiveCfg = Release|Any CPU
		{A0000002-0000-0000-0000-000000000007}.Release|x64.Build.0 = Release|Any CPU
		{A0000002-0000-0000-0000-000000000007}.Release|x86.ActiveCfg = Release|Any CPU
		{A0000002-0000-0000-0000-000000000007}.Release|x86.Build.0 = Release|Any CPU
		{A0000003-0000-0000-0000-000000000001}.Debug|Any CPU.ActiveCfg = Debug|Any CPU
		{A0000003-0000-0000-0000-000000000001}.Debug|Any CPU.Build.0 = Debug|Any CPU
		{A0000003-0000-0000-0000-000000000001}.Debug|x64.ActiveCfg = Debug|Any CPU
		{A0000003-0000-0000-0000-000000000001}.Debug|x64.Build.0 = Debug|Any CPU
		{A0000003-0000-0000-0000-000000000001}.Debug|x86.ActiveCfg = Debug|Any CPU
		{A0000003-0000-0000-0000-000000000001}.Debug|x86.Build.0 = Debug|Any CPU
		{A0000003-0000-0000-0000-000000000001}.Release|Any CPU.ActiveCfg = Release|Any CPU
		{A0000003-0000-0000-0000-000000000001}.Release|Any CPU.Build.0 = Release|Any CPU
		{A0000003-0000-0000-0000-000000000001}.Release|x64.ActiveCfg = Release|Any CPU
		{A0000003-0000-0000-0000-000000000001}.Release|x64.Build.0 = Release|Any CPU
		{A0000003-0000-0000-0000-000000000001}.Release|x86.ActiveCfg = Release|Any CPU
		{A0000003-0000-0000-0000-000000000001}.Release|x86.Build.0 = Release|Any CPU
		{A0000003-0000-0000-0000-000000000002}.Debug|Any CPU.ActiveCfg = Debug|Any CPU
		{A0000003-0000-0000-0000-000000000002}.Debug|Any CPU.Build.0 = Debug|Any CPU
		{A0000003-0000-0000-0000-000000000002}.Debug|x64.ActiveCfg = Debug|Any CPU
		{A0000003-0000-0000-0000-000000000002}.Debug|x64.Build.0 = Debug|Any CPU
		{A0000003-0000-0000-0000-000000000002}.Debug|x86.ActiveCfg = Debug|Any CPU
		{A0000003-0000-0000-0000-000000000002}.Debug|x86.Build.0 = Debug|Any CPU
		{A0000003-0000-0000-0000-000000000002}.Release|Any CPU.ActiveCfg = Release|Any CPU
		{A0000003-0000-0000-0000-000000000002}.Release|Any CPU.Build.0 = Release|Any CPU
		{A0000003-0000-0000-0000-000000000002}.Release|x64.ActiveCfg = Release|Any CPU
		{A0000003-0000-0000-0000-000000000002}.Release|x64.Build.0 = Release|Any CPU
		{A0000003-0000-0000-0000-000000000002}.Release|x86.ActiveCfg = Release|Any CPU
		{A0000003-0000-0000-0000-000000000002}.Release|x86.Build.0 = Release|Any CPU
		{A0000003-0000-0000-0000-000000000003}.Debug|Any CPU.ActiveCfg = Debug|Any CPU
		{A0000003-0000-0000-0000-000000000003}.Debug|Any CPU.Build.0 = Debug|Any CPU
		{A0000003-0000-0000-0000-000000000003}.Debug|x64.ActiveCfg = Debug|Any CPU
		{A0000003-0000-0000-0000-000000000003}.Debug|x64.Build.0 = Debug|Any CPU
		{A0000003-0000-0000-0000-000000000003}.Debug|x86.ActiveCfg = Debug|Any CPU
		{A0000003-0000-0000-0000-000000000003}.Debug|x86.Build.0 = Debug|Any CPU
		{A0000003-0000-0000-0000-000000000003}.Release|Any CPU.ActiveCfg = Release|Any CPU
		{A0000003-0000-0000-0000-000000000003}.Release|Any CPU.Build.0 = Release|Any CPU
		{A0000003-0000-0000-0000-000000000003}.Release|x64.ActiveCfg = Release|Any CPU
		{A0000003-0000-0000-0000-000000000003}.Release|x64.Build.0 = Release|Any CPU
		{A0000003-0000-0000-0000-000000000003}.Release|x86.ActiveCfg = Release|Any CPU
		{A0000003-0000-0000-0000-000000000003}.Release|x86.Build.0 = Release|Any CPU
		{A0000003-0000-0000-0000-000000000004}.Debug|Any CPU.ActiveCfg = Debug|Any CPU
		{A0000003-0000-0000-0000-000000000004}.Debug|Any CPU.Build.0 = Debug|Any CPU
		{A0000003-0000-0000-0000-000000000004}.Debug|x64.ActiveCfg = Debug|Any CPU
		{A0000003-0000-0000-0000-000000000004}.Debug|x64.Build.0 = Debug|Any CPU
		{A0000003-0000-0000-0000-000000000004}.Debug|x86.ActiveCfg = Debug|Any CPU
		{A0000003-0000-0000-0000-000000000004}.Debug|x86.Build.0 = Debug|Any CPU
		{A0000003-0000-0000-0000-000000000004}.Release|Any CPU.ActiveCfg = Release|Any CPU
		{A0000003-0000-0000-0000-000000000004}.Release|Any CPU.Build.0 = Release|Any CPU
		{A0000003-0000-0000-0000-000000000004}.Release|x64.ActiveCfg = Release|Any CPU
		{A0000003-0000-0000-0000-000000000004}.Release|x64.Build.0 = Release|Any CPU
		{A0000003-0000-0000-0000-000000000004}.Release|x86.ActiveCfg = Release|Any CPU
		{A0000003-0000-0000-0000-000000000004}.Release|x86.Build.0 = Release|Any CPU
		{A0000003-0000-0000-0000-000000000005}.Debug|Any CPU.ActiveCfg = Debug|Any CPU
		{A0000003-0000-0000-0000-000000000005}.Debug|Any CPU.Build.0 = Debug|Any CPU
		{A0000003-0000-0000-0000-000000000005}.Debug|x64.ActiveCfg = Debug|Any CPU
		{A0000003-0000-0000-0000-000000000005}.Debug|x64.Build.0 = Debug|Any CPU
		{A0000003-0000-0000-0000-000000000005}.Debug|x86.ActiveCfg = Debug|Any CPU
		{A0000003-0000-0000-0000-000000000005}.Debug|x86.Build.0 = Debug|Any CPU
		{A0000003-0000-0000-0000-000000000005}.Release|Any CPU.ActiveCfg = Release|Any CPU
		{A0000003-0000-0000-0000-000000000005}.Release|Any CPU.Build.0 = Release|Any CPU
		{A0000003-0000-0000-0000-000000000005}.Release|x64.ActiveCfg = Release|Any CPU
		{A0000003-0000-0000-0000-000000000005}.Release|x64.Build.0 = Release|Any CPU
		{A0000003-0000-0000-0000-000000000005}.Release|x86.ActiveCfg = Release|Any CPU
		{A0000003-0000-0000-0000-000000000005}.Release|x86.Build.0 = Release|Any CPU
		{A0000003-0000-0000-0000-000000000006}.Debug|Any CPU.ActiveCfg = Debug|Any CPU
		{A0000003-0000-0000-0000-000000000006}.Debug|Any CPU.Build.0 = Debug|Any CPU
		{A0000003-0000-0000-0000-000000000006}.Debug|x64.ActiveCfg = Debug|Any CPU
		{A0000003-0000-0000-0000-000000000006}.Debug|x64.Build.0 = Debug|Any CPU
		{A0000003-0000-0000-0000-000000000006}.Debug|x86.ActiveCfg = Debug|Any CPU
		{A0000003-0000-0000-0000-000000000006}.Debug|x86.Build.0 = Debug|Any CPU
		{A0000003-0000-0000-0000-000000000006}.Release|Any CPU.ActiveCfg = Release|Any CPU
		{A0000003-0000-0000-0000-000000000006}.Release|Any CPU.Build.0 = Release|Any CPU
		{A0000003-0000-0000-0000-000000000006}.Release|x64.ActiveCfg = Release|Any CPU
		{A0000003-0000-0000-0000-000000000006}.Release|x64.Build.0 = Release|Any CPU
		{A0000003-0000-0000-0000-000000000006}.Release|x86.ActiveCfg = Release|Any CPU
		{A0000003-0000-0000-0000-000000000006}.Release|x86.Build.0 = Release|Any CPU
		{A0000003-0000-0000-0000-000000000007}.Debug|Any CPU.ActiveCfg = Debug|Any CPU
		{A0000003-0000-0000-0000-000000000007}.Debug|Any CPU.Build.0 = Debug|Any CPU
		{A0000003-0000-0000-0000-000000000007}.Debug|x64.ActiveCfg = Debug|Any CPU
		{A0000003-0000-0000-0000-000000000007}.Debug|x64.Build.0 = Debug|Any CPU
		{A0000003-0000-0000-0000-000000000007}.Debug|x86.ActiveCfg = Debug|Any CPU
		{A0000003-0000-0000-0000-000000000007}.Debug|x86.Build.0 = Debug|Any CPU
		{A0000003-0000-0000-0000-000000000007}.Release|Any CPU.ActiveCfg = Release|Any CPU
		{A0000003-0000-0000-0000-000000000007}.Release|Any CPU.Build.0 = Release|Any CPU
		{A0000003-0000-0000-0000-000000000007}.Release|x64.ActiveCfg = Release|Any CPU
		{A0000003-0000-0000-0000-000000000007}.Release|x64.Build.0 = Release|Any CPU
		{A0000003-0000-0000-0000-000000000007}.Release|x86.ActiveCfg = Release|Any CPU
		{A0000003-0000-0000-0000-000000000007}.Release|x86.Build.0 = Release|Any CPU
		{A0000003-0000-0000-0000-000000000008}.Debug|Any CPU.ActiveCfg = Debug|Any CPU
		{A0000003-0000-0000-0000-000000000008}.Debug|Any CPU.Build.0 = Debug|Any CPU
		{A0000003-0000-0000-0000-000000000008}.Debug|x64.ActiveCfg = Debug|Any CPU
		{A0000003-0000-0000-0000-000000000008}.Debug|x64.Build.0 = Debug|Any CPU
		{A0000003-0000-0000-0000-000000000008}.Debug|x86.ActiveCfg = Debug|Any CPU
		{A0000003-0000-0000-0000-000000000008}.Debug|x86.Build.0 = Debug|Any CPU
		{A0000003-0000-0000-0000-000000000008}.Release|Any CPU.ActiveCfg = Release|Any CPU
		{A0000003-0000-0000-0000-000000000008}.Release|Any CPU.Build.0 = Release|Any CPU
		{A0000003-0000-0000-0000-000000000008}.Release|x64.ActiveCfg = Release|Any CPU
		{A0000003-0000-0000-0000-000000000008}.Release|x64.Build.0 = Release|Any CPU
		{A0000003-0000-0000-0000-000000000008}.Release|x86.ActiveCfg = Release|Any CPU
		{A0000003-0000-0000-0000-000000000008}.Release|x86.Build.0 = Release|Any CPU
		{B2F416DC-A44E-4ED9-B169-6EECF2F00BB2}.Debug|Any CPU.ActiveCfg = Debug|Any CPU
		{B2F416DC-A44E-4ED9-B169-6EECF2F00BB2}.Debug|Any CPU.Build.0 = Debug|Any CPU
		{B2F416DC-A44E-4ED9-B169-6EECF2F00BB2}.Debug|x64.ActiveCfg = Debug|Any CPU
		{B2F416DC-A44E-4ED9-B169-6EECF2F00BB2}.Debug|x64.Build.0 = Debug|Any CPU
		{B2F416DC-A44E-4ED9-B169-6EECF2F00BB2}.Debug|x86.ActiveCfg = Debug|Any CPU
		{B2F416DC-A44E-4ED9-B169-6EECF2F00BB2}.Debug|x86.Build.0 = Debug|Any CPU
		{B2F416DC-A44E-4ED9-B169-6EECF2F00BB2}.Release|Any CPU.ActiveCfg = Release|Any CPU
		{B2F416DC-A44E-4ED9-B169-6EECF2F00BB2}.Release|Any CPU.Build.0 = Release|Any CPU
		{B2F416DC-A44E-4ED9-B169-6EECF2F00BB2}.Release|x64.ActiveCfg = Release|Any CPU
		{B2F416DC-A44E-4ED9-B169-6EECF2F00BB2}.Release|x64.Build.0 = Release|Any CPU
		{B2F416DC-A44E-4ED9-B169-6EECF2F00BB2}.Release|x86.ActiveCfg = Release|Any CPU
		{B2F416DC-A44E-4ED9-B169-6EECF2F00BB2}.Release|x86.Build.0 = Release|Any CPU
		{73D60BE6-6662-4FD5-BD6E-D087E91F5E3E}.Debug|Any CPU.ActiveCfg = Debug|Any CPU
		{73D60BE6-6662-4FD5-BD6E-D087E91F5E3E}.Debug|Any CPU.Build.0 = Debug|Any CPU
		{73D60BE6-6662-4FD5-BD6E-D087E91F5E3E}.Debug|x64.ActiveCfg = Debug|Any CPU
		{73D60BE6-6662-4FD5-BD6E-D087E91F5E3E}.Debug|x64.Build.0 = Debug|Any CPU
		{73D60BE6-6662-4FD5-BD6E-D087E91F5E3E}.Debug|x86.ActiveCfg = Debug|Any CPU
		{73D60BE6-6662-4FD5-BD6E-D087E91F5E3E}.Debug|x86.Build.0 = Debug|Any CPU
		{73D60BE6-6662-4FD5-BD6E-D087E91F5E3E}.Release|Any CPU.ActiveCfg = Release|Any CPU
		{73D60BE6-6662-4FD5-BD6E-D087E91F5E3E}.Release|Any CPU.Build.0 = Release|Any CPU
		{73D60BE6-6662-4FD5-BD6E-D087E91F5E3E}.Release|x64.ActiveCfg = Release|Any CPU
		{73D60BE6-6662-4FD5-BD6E-D087E91F5E3E}.Release|x64.Build.0 = Release|Any CPU
		{73D60BE6-6662-4FD5-BD6E-D087E91F5E3E}.Release|x86.ActiveCfg = Release|Any CPU
		{73D60BE6-6662-4FD5-BD6E-D087E91F5E3E}.Release|x86.Build.0 = Release|Any CPU
		{766F19E0-A235-4F80-B148-83A6838F56B8}.Debug|Any CPU.ActiveCfg = Debug|Any CPU
		{766F19E0-A235-4F80-B148-83A6838F56B8}.Debug|Any CPU.Build.0 = Debug|Any CPU
		{766F19E0-A235-4F80-B148-83A6838F56B8}.Debug|x64.ActiveCfg = Debug|Any CPU
		{766F19E0-A235-4F80-B148-83A6838F56B8}.Debug|x64.Build.0 = Debug|Any CPU
		{766F19E0-A235-4F80-B148-83A6838F56B8}.Debug|x86.ActiveCfg = Debug|Any CPU
		{766F19E0-A235-4F80-B148-83A6838F56B8}.Debug|x86.Build.0 = Debug|Any CPU
		{766F19E0-A235-4F80-B148-83A6838F56B8}.Release|Any CPU.ActiveCfg = Release|Any CPU
		{766F19E0-A235-4F80-B148-83A6838F56B8}.Release|Any CPU.Build.0 = Release|Any CPU
		{766F19E0-A235-4F80-B148-83A6838F56B8}.Release|x64.ActiveCfg = Release|Any CPU
		{766F19E0-A235-4F80-B148-83A6838F56B8}.Release|x64.Build.0 = Release|Any CPU
		{766F19E0-A235-4F80-B148-83A6838F56B8}.Release|x86.ActiveCfg = Release|Any CPU
		{766F19E0-A235-4F80-B148-83A6838F56B8}.Release|x86.Build.0 = Release|Any CPU
		{FB3ED8FB-D65E-4AA5-BB00-02B6B0CCBA2C}.Debug|Any CPU.ActiveCfg = Debug|Any CPU
		{FB3ED8FB-D65E-4AA5-BB00-02B6B0CCBA2C}.Debug|Any CPU.Build.0 = Debug|Any CPU
		{FB3ED8FB-D65E-4AA5-BB00-02B6B0CCBA2C}.Debug|x64.ActiveCfg = Debug|Any CPU
		{FB3ED8FB-D65E-4AA5-BB00-02B6B0CCBA2C}.Debug|x64.Build.0 = Debug|Any CPU
		{FB3ED8FB-D65E-4AA5-BB00-02B6B0CCBA2C}.Debug|x86.ActiveCfg = Debug|Any CPU
		{FB3ED8FB-D65E-4AA5-BB00-02B6B0CCBA2C}.Debug|x86.Build.0 = Debug|Any CPU
		{FB3ED8FB-D65E-4AA5-BB00-02B6B0CCBA2C}.Release|Any CPU.ActiveCfg = Release|Any CPU
		{FB3ED8FB-D65E-4AA5-BB00-02B6B0CCBA2C}.Release|Any CPU.Build.0 = Release|Any CPU
		{FB3ED8FB-D65E-4AA5-BB00-02B6B0CCBA2C}.Release|x64.ActiveCfg = Release|Any CPU
		{FB3ED8FB-D65E-4AA5-BB00-02B6B0CCBA2C}.Release|x64.Build.0 = Release|Any CPU
		{FB3ED8FB-D65E-4AA5-BB00-02B6B0CCBA2C}.Release|x86.ActiveCfg = Release|Any CPU
		{FB3ED8FB-D65E-4AA5-BB00-02B6B0CCBA2C}.Release|x86.Build.0 = Release|Any CPU
		{15F9FF02-E289-42B2-ADE3-DE3D0C7CBABF}.Debug|Any CPU.ActiveCfg = Debug|Any CPU
		{15F9FF02-E289-42B2-ADE3-DE3D0C7CBABF}.Debug|Any CPU.Build.0 = Debug|Any CPU
		{15F9FF02-E289-42B2-ADE3-DE3D0C7CBABF}.Debug|x64.ActiveCfg = Debug|Any CPU
		{15F9FF02-E289-42B2-ADE3-DE3D0C7CBABF}.Debug|x64.Build.0 = Debug|Any CPU
		{15F9FF02-E289-42B2-ADE3-DE3D0C7CBABF}.Debug|x86.ActiveCfg = Debug|Any CPU
		{15F9FF02-E289-42B2-ADE3-DE3D0C7CBABF}.Debug|x86.Build.0 = Debug|Any CPU
		{15F9FF02-E289-42B2-ADE3-DE3D0C7CBABF}.Release|Any CPU.ActiveCfg = Release|Any CPU
		{15F9FF02-E289-42B2-ADE3-DE3D0C7CBABF}.Release|Any CPU.Build.0 = Release|Any CPU
		{15F9FF02-E289-42B2-ADE3-DE3D0C7CBABF}.Release|x64.ActiveCfg = Release|Any CPU
		{15F9FF02-E289-42B2-ADE3-DE3D0C7CBABF}.Release|x64.Build.0 = Release|Any CPU
		{15F9FF02-E289-42B2-ADE3-DE3D0C7CBABF}.Release|x86.ActiveCfg = Release|Any CPU
		{15F9FF02-E289-42B2-ADE3-DE3D0C7CBABF}.Release|x86.Build.0 = Release|Any CPU
		{CA388A0C-B639-443A-A8D9-FA330B1C49EE}.Debug|Any CPU.ActiveCfg = Debug|Any CPU
		{CA388A0C-B639-443A-A8D9-FA330B1C49EE}.Debug|Any CPU.Build.0 = Debug|Any CPU
		{CA388A0C-B639-443A-A8D9-FA330B1C49EE}.Debug|x64.ActiveCfg = Debug|Any CPU
		{CA388A0C-B639-443A-A8D9-FA330B1C49EE}.Debug|x64.Build.0 = Debug|Any CPU
		{CA388A0C-B639-443A-A8D9-FA330B1C49EE}.Debug|x86.ActiveCfg = Debug|Any CPU
		{CA388A0C-B639-443A-A8D9-FA330B1C49EE}.Debug|x86.Build.0 = Debug|Any CPU
		{CA388A0C-B639-443A-A8D9-FA330B1C49EE}.Release|Any CPU.ActiveCfg = Release|Any CPU
		{CA388A0C-B639-443A-A8D9-FA330B1C49EE}.Release|Any CPU.Build.0 = Release|Any CPU
		{CA388A0C-B639-443A-A8D9-FA330B1C49EE}.Release|x64.ActiveCfg = Release|Any CPU
		{CA388A0C-B639-443A-A8D9-FA330B1C49EE}.Release|x64.Build.0 = Release|Any CPU
		{CA388A0C-B639-443A-A8D9-FA330B1C49EE}.Release|x86.ActiveCfg = Release|Any CPU
		{CA388A0C-B639-443A-A8D9-FA330B1C49EE}.Release|x86.Build.0 = Release|Any CPU
		{7C48BD98-65FA-4E6B-B91E-09C9FAFC033D}.Debug|Any CPU.ActiveCfg = Debug|Any CPU
		{7C48BD98-65FA-4E6B-B91E-09C9FAFC033D}.Debug|Any CPU.Build.0 = Debug|Any CPU
		{7C48BD98-65FA-4E6B-B91E-09C9FAFC033D}.Debug|x64.ActiveCfg = Debug|Any CPU
		{7C48BD98-65FA-4E6B-B91E-09C9FAFC033D}.Debug|x64.Build.0 = Debug|Any CPU
		{7C48BD98-65FA-4E6B-B91E-09C9FAFC033D}.Debug|x86.ActiveCfg = Debug|Any CPU
		{7C48BD98-65FA-4E6B-B91E-09C9FAFC033D}.Debug|x86.Build.0 = Debug|Any CPU
		{7C48BD98-65FA-4E6B-B91E-09C9FAFC033D}.Release|Any CPU.ActiveCfg = Release|Any CPU
		{7C48BD98-65FA-4E6B-B91E-09C9FAFC033D}.Release|Any CPU.Build.0 = Release|Any CPU
		{7C48BD98-65FA-4E6B-B91E-09C9FAFC033D}.Release|x64.ActiveCfg = Release|Any CPU
		{7C48BD98-65FA-4E6B-B91E-09C9FAFC033D}.Release|x64.Build.0 = Release|Any CPU
		{7C48BD98-65FA-4E6B-B91E-09C9FAFC033D}.Release|x86.ActiveCfg = Release|Any CPU
		{7C48BD98-65FA-4E6B-B91E-09C9FAFC033D}.Release|x86.Build.0 = Release|Any CPU
		{A96574A7-4C9E-401F-86A9-5931112B7E7D}.Debug|Any CPU.ActiveCfg = Debug|Any CPU
		{A96574A7-4C9E-401F-86A9-5931112B7E7D}.Debug|Any CPU.Build.0 = Debug|Any CPU
		{A96574A7-4C9E-401F-86A9-5931112B7E7D}.Debug|x64.ActiveCfg = Debug|Any CPU
		{A96574A7-4C9E-401F-86A9-5931112B7E7D}.Debug|x64.Build.0 = Debug|Any CPU
		{A96574A7-4C9E-401F-86A9-5931112B7E7D}.Debug|x86.ActiveCfg = Debug|Any CPU
		{A96574A7-4C9E-401F-86A9-5931112B7E7D}.Debug|x86.Build.0 = Debug|Any CPU
		{A96574A7-4C9E-401F-86A9-5931112B7E7D}.Release|Any CPU.ActiveCfg = Release|Any CPU
		{A96574A7-4C9E-401F-86A9-5931112B7E7D}.Release|Any CPU.Build.0 = Release|Any CPU
		{A96574A7-4C9E-401F-86A9-5931112B7E7D}.Release|x64.ActiveCfg = Release|Any CPU
		{A96574A7-4C9E-401F-86A9-5931112B7E7D}.Release|x64.Build.0 = Release|Any CPU
		{A96574A7-4C9E-401F-86A9-5931112B7E7D}.Release|x86.ActiveCfg = Release|Any CPU
		{A96574A7-4C9E-401F-86A9-5931112B7E7D}.Release|x86.Build.0 = Release|Any CPU
		{E6536183-5564-4302-AC12-A998AD93A3FB}.Debug|Any CPU.ActiveCfg = Debug|Any CPU
		{E6536183-5564-4302-AC12-A998AD93A3FB}.Debug|Any CPU.Build.0 = Debug|Any CPU
		{E6536183-5564-4302-AC12-A998AD93A3FB}.Debug|x64.ActiveCfg = Debug|Any CPU
		{E6536183-5564-4302-AC12-A998AD93A3FB}.Debug|x64.Build.0 = Debug|Any CPU
		{E6536183-5564-4302-AC12-A998AD93A3FB}.Debug|x86.ActiveCfg = Debug|Any CPU
		{E6536183-5564-4302-AC12-A998AD93A3FB}.Debug|x86.Build.0 = Debug|Any CPU
		{E6536183-5564-4302-AC12-A998AD93A3FB}.Release|Any CPU.ActiveCfg = Release|Any CPU
		{E6536183-5564-4302-AC12-A998AD93A3FB}.Release|Any CPU.Build.0 = Release|Any CPU
		{E6536183-5564-4302-AC12-A998AD93A3FB}.Release|x64.ActiveCfg = Release|Any CPU
		{E6536183-5564-4302-AC12-A998AD93A3FB}.Release|x64.Build.0 = Release|Any CPU
		{E6536183-5564-4302-AC12-A998AD93A3FB}.Release|x86.ActiveCfg = Release|Any CPU
		{E6536183-5564-4302-AC12-A998AD93A3FB}.Release|x86.Build.0 = Release|Any CPU
		{A3FEB52B-BE24-493B-928F-3BBD511CCB46}.Debug|Any CPU.ActiveCfg = Debug|Any CPU
		{A3FEB52B-BE24-493B-928F-3BBD511CCB46}.Debug|Any CPU.Build.0 = Debug|Any CPU
		{A3FEB52B-BE24-493B-928F-3BBD511CCB46}.Debug|x64.ActiveCfg = Debug|Any CPU
		{A3FEB52B-BE24-493B-928F-3BBD511CCB46}.Debug|x64.Build.0 = Debug|Any CPU
		{A3FEB52B-BE24-493B-928F-3BBD511CCB46}.Debug|x86.ActiveCfg = Debug|Any CPU
		{A3FEB52B-BE24-493B-928F-3BBD511CCB46}.Debug|x86.Build.0 = Debug|Any CPU
		{A3FEB52B-BE24-493B-928F-3BBD511CCB46}.Release|Any CPU.ActiveCfg = Release|Any CPU
		{A3FEB52B-BE24-493B-928F-3BBD511CCB46}.Release|Any CPU.Build.0 = Release|Any CPU
		{A3FEB52B-BE24-493B-928F-3BBD511CCB46}.Release|x64.ActiveCfg = Release|Any CPU
		{A3FEB52B-BE24-493B-928F-3BBD511CCB46}.Release|x64.Build.0 = Release|Any CPU
		{A3FEB52B-BE24-493B-928F-3BBD511CCB46}.Release|x86.ActiveCfg = Release|Any CPU
		{A3FEB52B-BE24-493B-928F-3BBD511CCB46}.Release|x86.Build.0 = Release|Any CPU
		{610304B2-FCD6-4C5D-AB67-A39C40A56A18}.Debug|Any CPU.ActiveCfg = Debug|Any CPU
		{610304B2-FCD6-4C5D-AB67-A39C40A56A18}.Debug|Any CPU.Build.0 = Debug|Any CPU
		{610304B2-FCD6-4C5D-AB67-A39C40A56A18}.Debug|x64.ActiveCfg = Debug|Any CPU
		{610304B2-FCD6-4C5D-AB67-A39C40A56A18}.Debug|x64.Build.0 = Debug|Any CPU
		{610304B2-FCD6-4C5D-AB67-A39C40A56A18}.Debug|x86.ActiveCfg = Debug|Any CPU
		{610304B2-FCD6-4C5D-AB67-A39C40A56A18}.Debug|x86.Build.0 = Debug|Any CPU
		{610304B2-FCD6-4C5D-AB67-A39C40A56A18}.Release|Any CPU.ActiveCfg = Release|Any CPU
		{610304B2-FCD6-4C5D-AB67-A39C40A56A18}.Release|Any CPU.Build.0 = Release|Any CPU
		{610304B2-FCD6-4C5D-AB67-A39C40A56A18}.Release|x64.ActiveCfg = Release|Any CPU
		{610304B2-FCD6-4C5D-AB67-A39C40A56A18}.Release|x64.Build.0 = Release|Any CPU
		{610304B2-FCD6-4C5D-AB67-A39C40A56A18}.Release|x86.ActiveCfg = Release|Any CPU
		{610304B2-FCD6-4C5D-AB67-A39C40A56A18}.Release|x86.Build.0 = Release|Any CPU
		{4FA2CEC9-EC19-4383-9DDC-A63B2353307C}.Debug|Any CPU.ActiveCfg = Debug|Any CPU
		{4FA2CEC9-EC19-4383-9DDC-A63B2353307C}.Debug|Any CPU.Build.0 = Debug|Any CPU
		{4FA2CEC9-EC19-4383-9DDC-A63B2353307C}.Debug|x64.ActiveCfg = Debug|Any CPU
		{4FA2CEC9-EC19-4383-9DDC-A63B2353307C}.Debug|x64.Build.0 = Debug|Any CPU
		{4FA2CEC9-EC19-4383-9DDC-A63B2353307C}.Debug|x86.ActiveCfg = Debug|Any CPU
		{4FA2CEC9-EC19-4383-9DDC-A63B2353307C}.Debug|x86.Build.0 = Debug|Any CPU
		{4FA2CEC9-EC19-4383-9DDC-A63B2353307C}.Release|Any CPU.ActiveCfg = Release|Any CPU
		{4FA2CEC9-EC19-4383-9DDC-A63B2353307C}.Release|Any CPU.Build.0 = Release|Any CPU
		{4FA2CEC9-EC19-4383-9DDC-A63B2353307C}.Release|x64.ActiveCfg = Release|Any CPU
		{4FA2CEC9-EC19-4383-9DDC-A63B2353307C}.Release|x64.Build.0 = Release|Any CPU
		{4FA2CEC9-EC19-4383-9DDC-A63B2353307C}.Release|x86.ActiveCfg = Release|Any CPU
		{4FA2CEC9-EC19-4383-9DDC-A63B2353307C}.Release|x86.Build.0 = Release|Any CPU
		{8DD157EE-9E08-4D94-91E5-363BEDFCD8C1}.Debug|Any CPU.ActiveCfg = Debug|Any CPU
		{8DD157EE-9E08-4D94-91E5-363BEDFCD8C1}.Debug|Any CPU.Build.0 = Debug|Any CPU
		{8DD157EE-9E08-4D94-91E5-363BEDFCD8C1}.Debug|x64.ActiveCfg = Debug|Any CPU
		{8DD157EE-9E08-4D94-91E5-363BEDFCD8C1}.Debug|x64.Build.0 = Debug|Any CPU
		{8DD157EE-9E08-4D94-91E5-363BEDFCD8C1}.Debug|x86.ActiveCfg = Debug|Any CPU
		{8DD157EE-9E08-4D94-91E5-363BEDFCD8C1}.Debug|x86.Build.0 = Debug|Any CPU
		{8DD157EE-9E08-4D94-91E5-363BEDFCD8C1}.Release|Any CPU.ActiveCfg = Release|Any CPU
		{8DD157EE-9E08-4D94-91E5-363BEDFCD8C1}.Release|Any CPU.Build.0 = Release|Any CPU
		{8DD157EE-9E08-4D94-91E5-363BEDFCD8C1}.Release|x64.ActiveCfg = Release|Any CPU
		{8DD157EE-9E08-4D94-91E5-363BEDFCD8C1}.Release|x64.Build.0 = Release|Any CPU
		{8DD157EE-9E08-4D94-91E5-363BEDFCD8C1}.Release|x86.ActiveCfg = Release|Any CPU
		{8DD157EE-9E08-4D94-91E5-363BEDFCD8C1}.Release|x86.Build.0 = Release|Any CPU
		{0EC49ED1-3588-4E21-84F8-99C950E913CD}.Debug|Any CPU.ActiveCfg = Debug|Any CPU
		{0EC49ED1-3588-4E21-84F8-99C950E913CD}.Debug|Any CPU.Build.0 = Debug|Any CPU
		{0EC49ED1-3588-4E21-84F8-99C950E913CD}.Debug|x64.ActiveCfg = Debug|Any CPU
		{0EC49ED1-3588-4E21-84F8-99C950E913CD}.Debug|x64.Build.0 = Debug|Any CPU
		{0EC49ED1-3588-4E21-84F8-99C950E913CD}.Debug|x86.ActiveCfg = Debug|Any CPU
		{0EC49ED1-3588-4E21-84F8-99C950E913CD}.Debug|x86.Build.0 = Debug|Any CPU
		{0EC49ED1-3588-4E21-84F8-99C950E913CD}.Release|Any CPU.ActiveCfg = Release|Any CPU
		{0EC49ED1-3588-4E21-84F8-99C950E913CD}.Release|Any CPU.Build.0 = Release|Any CPU
		{0EC49ED1-3588-4E21-84F8-99C950E913CD}.Release|x64.ActiveCfg = Release|Any CPU
		{0EC49ED1-3588-4E21-84F8-99C950E913CD}.Release|x64.Build.0 = Release|Any CPU
		{0EC49ED1-3588-4E21-84F8-99C950E913CD}.Release|x86.ActiveCfg = Release|Any CPU
		{0EC49ED1-3588-4E21-84F8-99C950E913CD}.Release|x86.Build.0 = Release|Any CPU
	EndGlobalSection
	GlobalSection(SolutionProperties) = preSolution
		HideSolutionNode = FALSE
	EndGlobalSection
	GlobalSection(NestedProjects) = preSolution
		{A0000001-0000-0000-0000-000000000001} = {F0000001-0000-0000-0000-000000000001}
		{A0000001-0000-0000-0000-000000000002} = {F0000001-0000-0000-0000-000000000001}
		{A0000002-0000-0000-0000-000000000001} = {F0000001-0000-0000-0000-000000000002}
		{A0000002-0000-0000-0000-000000000002} = {F0000001-0000-0000-0000-000000000002}
		{A0000002-0000-0000-0000-000000000003} = {F0000001-0000-0000-0000-000000000002}
		{A0000002-0000-0000-0000-000000000004} = {F0000001-0000-0000-0000-000000000002}
		{A0000002-0000-0000-0000-000000000005} = {F0000001-0000-0000-0000-000000000002}
		{A0000002-0000-0000-0000-000000000006} = {F0000001-0000-0000-0000-000000000002}
		{A0000002-0000-0000-0000-000000000007} = {F0000001-0000-0000-0000-000000000002}
		{A0000003-0000-0000-0000-000000000001} = {F0000001-0000-0000-0000-000000000003}
		{A0000003-0000-0000-0000-000000000002} = {F0000001-0000-0000-0000-000000000003}
		{A0000003-0000-0000-0000-000000000003} = {F0000001-0000-0000-0000-000000000003}
		{A0000003-0000-0000-0000-000000000004} = {F0000001-0000-0000-0000-000000000003}
		{A0000003-0000-0000-0000-000000000005} = {F0000001-0000-0000-0000-000000000003}
		{A0000003-0000-0000-0000-000000000006} = {F0000001-0000-0000-0000-000000000003}
		{A0000003-0000-0000-0000-000000000007} = {F0000001-0000-0000-0000-000000000003}
		{A0000003-0000-0000-0000-000000000008} = {F0000001-0000-0000-0000-000000000003}
		{B2F416DC-A44E-4ED9-B169-6EECF2F00BB2} = {07C2787E-EAC7-C090-1BA3-A61EC2A24D84}
		{73D60BE6-6662-4FD5-BD6E-D087E91F5E3E} = {F0000001-0000-0000-0000-000000000003}
		{766F19E0-A235-4F80-B148-83A6838F56B8} = {F0000001-0000-0000-0000-000000000002}
		{FB3ED8FB-D65E-4AA5-BB00-02B6B0CCBA2C} = {F0000001-0000-0000-0000-000000000002}
		{15F9FF02-E289-42B2-ADE3-DE3D0C7CBABF} = {07C2787E-EAC7-C090-1BA3-A61EC2A24D84}
		{CA388A0C-B639-443A-A8D9-FA330B1C49EE} = {F0000001-0000-0000-0000-000000000002}
		{7C48BD98-65FA-4E6B-B91E-09C9FAFC033D} = {F0000001-0000-0000-0000-000000000002}
		{A96574A7-4C9E-401F-86A9-5931112B7E7D} = {F0000001-0000-0000-0000-000000000002}
		{E6536183-5564-4302-AC12-A998AD93A3FB} = {F0000001-0000-0000-0000-000000000002}
		{A3FEB52B-BE24-493B-928F-3BBD511CCB46} = {F0000001-0000-0000-0000-000000000001}
		{610304B2-FCD6-4C5D-AB67-A39C40A56A18} = {F0000001-0000-0000-0000-000000000002}
		{4FA2CEC9-EC19-4383-9DDC-A63B2353307C} = {F0000001-0000-0000-0000-000000000002}
		{8DD157EE-9E08-4D94-91E5-363BEDFCD8C1} = {F0000001-0000-0000-0000-000000000002}
		{0EC49ED1-3588-4E21-84F8-99C950E913CD} = {F0000001-0000-0000-0000-000000000001}
	EndGlobalSection
EndGlobal
